PODS:
  - Atlas (1.2.0):
    - LayerKit (~> 4.0.0)
  - Bolts (1.9.0):
    - Bolts/AppLinks (= 1.9.0)
    - Bolts/Tasks (= 1.9.0)
  - Bolts/AppLinks (1.9.0):
    - Bolts/Tasks
  - Bolts/Tasks (1.9.0)
  - DropDown (2.3.2)
  - FacebookCore (0.3.1):
    - Bolts (~> 1.8)
    - FBSDKCoreKit (~> 4.33)
  - FacebookLogin (0.3.1):
    - Bolts (~> 1.8)
    - FacebookCore (~> 0.3.1)
    - FBSDKCoreKit (~> 4.33)
    - FBSDKLoginKit (~> 4.33)
  - FacebookShare (0.3.1):
    - Bolts (~> 1.8)
    - FacebookCore (~> 0.3.1)
    - FBSDKCoreKit (~> 4.33)
    - FBSDKShareKit (~> 4.33)
  - FBSDKCoreKit (4.34.0):
    - Bolts (~> 1.7)
  - FBSDKLoginKit (4.34.0):
    - FBSDKCoreKit
  - FBSDKShareKit (4.34.0):
    - FBSDKCoreKit (~> 4.34.0)
  - Firebase/Auth (5.4.0):
    - Firebase/CoreOnly
    - FirebaseAuth (= 5.0.2)
  - Firebase/Core (5.4.0):
    - Firebase/CoreOnly
    - FirebaseAnalytics (= 5.0.1)
  - Firebase/CoreOnly (5.4.0):
    - FirebaseCore (= 5.0.5)
  - Firebase/Database (5.4.0):
    - Firebase/CoreOnly
    - FirebaseDatabase (= 5.0.2)
  - Firebase/Storage (5.4.0):
    - Firebase/CoreOnly
    - FirebaseStorage (= 3.0.0)
  - FirebaseAnalytics (5.0.1):
    - FirebaseCore (~> 5.0)
    - FirebaseInstanceID (~> 3.0)
    - "GoogleToolboxForMac/NSData+zlib (~> 2.1)"
    - nanopb (~> 0.3)
  - FirebaseAuth (5.0.2):
    - FirebaseCore (~> 5.0)
    - GTMSessionFetcher/Core (~> 1.1)
  - FirebaseCore (5.0.5):
    - "GoogleToolboxForMac/NSData+zlib (~> 2.1)"
  - FirebaseDatabase (5.0.2):
    - FirebaseCore (~> 5.0)
    - leveldb-library (~> 1.18)
  - FirebaseInstanceID (3.1.1):
    - FirebaseCore (~> 5.0)
  - FirebaseStorage (3.0.0):
    - FirebaseCore (~> 5.0)
    - GTMSessionFetcher/Core (~> 1.1)
  - GoogleSignIn (4.1.2):
    - "GoogleToolboxForMac/NSDictionary+URLArguments (~> 2.1)"
    - "GoogleToolboxForMac/NSString+URLArguments (~> 2.1)"
    - GTMOAuth2 (~> 1.0)
    - GTMSessionFetcher/Core (~> 1.1)
  - GoogleToolboxForMac/DebugUtils (2.1.4):
    - GoogleToolboxForMac/Defines (= 2.1.4)
  - GoogleToolboxForMac/Defines (2.1.4)
  - "GoogleToolboxForMac/NSData+zlib (2.1.4)":
    - GoogleToolboxForMac/Defines (= 2.1.4)
  - "GoogleToolboxForMac/NSDictionary+URLArguments (2.1.4)":
    - GoogleToolboxForMac/DebugUtils (= 2.1.4)
    - GoogleToolboxForMac/Defines (= 2.1.4)
    - "GoogleToolboxForMac/NSString+URLArguments (= 2.1.4)"
  - "GoogleToolboxForMac/NSString+URLArguments (2.1.4)"
  - GTMOAuth2 (1.1.6):
    - GTMSessionFetcher (~> 1.1)
  - GTMSessionFetcher (1.1.15):
    - GTMSessionFetcher/Full (= 1.1.15)
  - GTMSessionFetcher/Core (1.1.15)
  - GTMSessionFetcher/Full (1.1.15):
    - GTMSessionFetcher/Core (= 1.1.15)
  - ImageSlideshow (1.6.1):
    - ImageSlideshow/Core (= 1.6.1)
  - ImageSlideshow/Core (1.6.1)
  - LayerKit (4.0.2)
  - leveldb-library (1.20)
  - nanopb (0.3.8):
    - nanopb/decode (= 0.3.8)
    - nanopb/encode (= 0.3.8)
  - nanopb/decode (0.3.8)
  - nanopb/encode (0.3.8)

DEPENDENCIES:
  - Atlas
  - DropDown
  - FacebookCore
  - FacebookLogin
  - FacebookShare
  - FBSDKLoginKit
  - Firebase/Auth
  - Firebase/Core
  - Firebase/Database
  - Firebase/Storage
  - GoogleSignIn
  - ImageSlideshow

SPEC REPOS:
  https://github.com/cocoapods/specs.git:
    - Atlas
    - Bolts
    - DropDown
    - FacebookCore
    - FacebookLogin
    - FacebookShare
    - FBSDKCoreKit
    - FBSDKLoginKit
    - FBSDKShareKit
    - Firebase
    - FirebaseAnalytics
    - FirebaseAuth
    - FirebaseCore
    - FirebaseDatabase
    - FirebaseInstanceID
    - FirebaseStorage
    - GoogleSignIn
    - GoogleToolboxForMac
    - GTMOAuth2
    - GTMSessionFetcher
    - ImageSlideshow
    - LayerKit
    - leveldb-library
    - nanopb

SPEC CHECKSUMS:
  Atlas: bacae8c809135268a984a68f0bc1e11086ff6a21
  Bolts: ac6567323eac61e203f6a9763667d0f711be34c8
  DropDown: 7f87abecc28f9b4edad810fe1211c5c018c257e5
  FacebookCore: 33078ef1d7d76b73f7e8c990dca7d3ea6db8d22f
  FacebookLogin: 6f15bf4fefd7a8865abbfa8fcd7f3dfd87aa275f
  FacebookShare: c9ee8e5399d961fda00ded9befccacfe04fccf93
  FBSDKCoreKit: 0ff57f093b85c8c9d5aba697d3edf68a8960ce78
  FBSDKLoginKit: 8c78f57a145afb756e4755e69195ebe08a42466e
  FBSDKShareKit: 511d1dfc71204c0a8d69e6c5e3c964dcf0d4f3d9
  Firebase: d66f4f29c23f22d96808d9abc174d81d8eee968f
  FirebaseAnalytics: b3628aea54c50464c32c393fb2ea032566e7ecc2
  FirebaseAuth: 096e457cdd4274412a66c4a35874787e411f5a03
  FirebaseCore: 42b3267233bd21a5abd54117ccc38ca3dd0f8e83
  FirebaseDatabase: 27be5ac5bc75e0b17537b2bbfada8258addcc8cd
  FirebaseInstanceID: f3f0657372592ecdfdfe2cac604a5a75758376a6
  FirebaseStorage: 7ca4bb7b58a25fa647b04f524033fc7cb7eb272b
  GoogleSignIn: d9ef55b10f0aa401a5de2747f59b725e4b9732ac
  GoogleToolboxForMac: 91c824d21e85b31c2aae9bb011c5027c9b4e738f
  GTMOAuth2: c77fe325e4acd453837e72d91e3b5f13116857b2
  GTMSessionFetcher: 5fa5b80fd20e439ef5f545fb2cb3ca6c6714caa2
  ImageSlideshow: f0f33e1a20668e83d77f5fb7729e4ae4437c0759
  LayerKit: da1aa4fbe8ed936c5bf5e2c50504eb099e30e3da
  leveldb-library: 08cba283675b7ed2d99629a4bc5fd052cd2bb6a5
  nanopb: 5601e6bca2dbf1ed831b519092ec110f66982ca3

PODFILE CHECKSUM: 260e44e00fc03e33047d66fba62b52fc5bdc72fa

COCOAPODS: 1.5.2
