// !$*UTF8*$!
{
	archiveVersion = 1;
	classes = {
	};
	objectVersion = 50;
	objects = {

/* Begin PBXBuildFile section */
		01F7AD756B4ABB210CAFF467 /* Pods_TimBanCu.framework in Frameworks */ = {isa = PBXBuildFile; fileRef = 4203691F03ED76B3F5BD22AE /* Pods_TimBanCu.framework */; };
		1C0A039C20F5163C00E105A9 /* SchoolAlert.swift in Sources */ = {isa = PBXBuildFile; fileRef = 1C0A039B20F5163C00E105A9 /* SchoolAlert.swift */; };
		1C0A039E20F516EF00E105A9 /* SchoolTableView.swift in Sources */ = {isa = PBXBuildFile; fileRef = 1C0A039D20F516EF00E105A9 /* SchoolTableView.swift */; };
		1C0A03A120F51C0000E105A9 /* ClassNameAlerts.swift in Sources */ = {isa = PBXBuildFile; fileRef = 1C0A03A020F51BFF00E105A9 /* ClassNameAlerts.swift */; };
		1C1A98F7210BB43700D20079 /* ChatViewController.swift in Sources */ = {isa = PBXBuildFile; fileRef = 1C1A98F6210BB43700D20079 /* ChatViewController.swift */; };
		1C1A98F9210CA9ED00D20079 /* AddYourInfoImage.swift in Sources */ = {isa = PBXBuildFile; fileRef = 1C1A98F8210CA9ED00D20079 /* AddYourInfoImage.swift */; };
		1C1A98FC210CBBE400D20079 /* ChatImageFromDBExtension.swift in Sources */ = {isa = PBXBuildFile; fileRef = 1C1A98FB210CBBE400D20079 /* ChatImageFromDBExtension.swift */; };
		1C1A98FE210CBC7000D20079 /* ChatCollectionViewExtension.swift in Sources */ = {isa = PBXBuildFile; fileRef = 1C1A98FD210CBC7000D20079 /* ChatCollectionViewExtension.swift */; };
		1C1A9900210CBCB900D20079 /* ChatImagePickerExtension.swift in Sources */ = {isa = PBXBuildFile; fileRef = 1C1A98FF210CBCB900D20079 /* ChatImagePickerExtension.swift */; };
		1C1A9902210CBE4300D20079 /* ChatViewControllerUIExtension.swift in Sources */ = {isa = PBXBuildFile; fileRef = 1C1A9901210CBE4300D20079 /* ChatViewControllerUIExtension.swift */; };
		1C1A9904210CBEC100D20079 /* ChatTextFieldExtension.swift in Sources */ = {isa = PBXBuildFile; fileRef = 1C1A9903210CBEC100D20079 /* ChatTextFieldExtension.swift */; };
		1C1A9906210CBFD700D20079 /* ChatMessageExtension.swift in Sources */ = {isa = PBXBuildFile; fileRef = 1C1A9905210CBFD700D20079 /* ChatMessageExtension.swift */; };
		1C278C8120FE306C00CCB7C0 /* ClassDetailViewControllerExtension.swift in Sources */ = {isa = PBXBuildFile; fileRef = 1C278C8020FE306C00CCB7C0 /* ClassDetailViewControllerExtension.swift */; };
		1C278CA820FE785300CCB7C0 /* AddYourInfoViewController.swift in Sources */ = {isa = PBXBuildFile; fileRef = 1C278CA720FE785300CCB7C0 /* AddYourInfoViewController.swift */; };
		1C2E7371210916E7007EAE63 /* AddYourInfoExtension.swift in Sources */ = {isa = PBXBuildFile; fileRef = 1C2E7370210916E7007EAE63 /* AddYourInfoExtension.swift */; };
		1C2E7376210919A9007EAE63 /* AddYourInfoImageSlideshow.swift in Sources */ = {isa = PBXBuildFile; fileRef = 1C2E7375210919A9007EAE63 /* AddYourInfoImageSlideshow.swift */; };
		1C2E737821091A3A007EAE63 /* AddYourInfoAlert.swift in Sources */ = {isa = PBXBuildFile; fileRef = 1C2E737721091A3A007EAE63 /* AddYourInfoAlert.swift */; };
		1C3ADA8420F6B6F80041421F /* SignInViewController.swift in Sources */ = {isa = PBXBuildFile; fileRef = 1C3ADA8320F6B6F80041421F /* SignInViewController.swift */; };
		1C3ADA8C20F962BB0041421F /* awsconfiguration.json in Resources */ = {isa = PBXBuildFile; fileRef = 1C3ADA8B20F962BB0041421F /* awsconfiguration.json */; };
		1C3ADA9020FA40730041421F /* GoogleService-Info.plist in Resources */ = {isa = PBXBuildFile; fileRef = 1C3ADA8F20FA40720041421F /* GoogleService-Info.plist */; };
		1C4BF8752117F06C006A7FBE /* MajorAlert.swift in Sources */ = {isa = PBXBuildFile; fileRef = 1C4BF8742117F06C006A7FBE /* MajorAlert.swift */; };
		1C4BF8782117F1CA006A7FBE /* MajorExtension.swift in Sources */ = {isa = PBXBuildFile; fileRef = 1C4BF8772117F1CA006A7FBE /* MajorExtension.swift */; };
		1C5365B620E6ABE7000F7FB2 /* tieuhoctphcm.txt in Resources */ = {isa = PBXBuildFile; fileRef = 1C5365B520E6ABE7000F7FB2 /* tieuhoctphcm.txt */; };
		1C5365B820E6B7A1000F7FB2 /* thcshanoi.txt in Resources */ = {isa = PBXBuildFile; fileRef = 1C5365B720E6B7A1000F7FB2 /* thcshanoi.txt */; };
		1C5365BA20E6BDFE000F7FB2 /* thpttphcm.txt in Resources */ = {isa = PBXBuildFile; fileRef = 1C5365B920E6BDFE000F7FB2 /* thpttphcm.txt */; };
		1C5365BC20E6D034000F7FB2 /* thcstanbinh.txt in Resources */ = {isa = PBXBuildFile; fileRef = 1C5365BB20E6D034000F7FB2 /* thcstanbinh.txt */; };
		1C5365BE20E6D953000F7FB2 /* thpthanoi.txt in Resources */ = {isa = PBXBuildFile; fileRef = 1C5365BD20E6D952000F7FB2 /* thpthanoi.txt */; };
		1C5365C020E7F384000F7FB2 /* dhcanuoc.txt in Resources */ = {isa = PBXBuildFile; fileRef = 1C5365BF20E7F384000F7FB2 /* dhcanuoc.txt */; };
		1C53F4F520FD408A00F4ACEB /* ClassDetailViewController.swift in Sources */ = {isa = PBXBuildFile; fileRef = 1C53F4F420FD408A00F4ACEB /* ClassDetailViewController.swift */; };
		1C53F4F720FD422A00F4ACEB /* Student.swift in Sources */ = {isa = PBXBuildFile; fileRef = 1C53F4F620FD422A00F4ACEB /* Student.swift */; };
		1C53F4F920FD44D200F4ACEB /* SettingViewController.swift in Sources */ = {isa = PBXBuildFile; fileRef = 1C53F4F820FD44D200F4ACEB /* SettingViewController.swift */; };
		1C53F4FB20FD455D00F4ACEB /* SettingTableViewCell.swift in Sources */ = {isa = PBXBuildFile; fileRef = 1C53F4FA20FD455D00F4ACEB /* SettingTableViewCell.swift */; };
		1C53F4FD20FD496100F4ACEB /* ClassDetailTableViewCell.swift in Sources */ = {isa = PBXBuildFile; fileRef = 1C53F4FC20FD496100F4ACEB /* ClassDetailTableViewCell.swift */; };
		1C53F4FF20FD4BA400F4ACEB /* ClassDetailViewModel.swift in Sources */ = {isa = PBXBuildFile; fileRef = 1C53F4FE20FD4BA400F4ACEB /* ClassDetailViewModel.swift */; };
		1C6D51F720FAC85300F8F5D7 /* ViewShadow.swift in Sources */ = {isa = PBXBuildFile; fileRef = 1C6D51F620FAC85300F8F5D7 /* ViewShadow.swift */; };
		1C6D51F920FAC86F00F8F5D7 /* CircleView.swift in Sources */ = {isa = PBXBuildFile; fileRef = 1C6D51F820FAC86F00F8F5D7 /* CircleView.swift */; };
		1C6D51FC20FACCD100F8F5D7 /* SchoolViewExtension.swift in Sources */ = {isa = PBXBuildFile; fileRef = 1C6D51FB20FACCD100F8F5D7 /* SchoolViewExtension.swift */; };
		1C6D51FE20FADE5000F8F5D7 /* SelectSchoolTypeExtension.swift in Sources */ = {isa = PBXBuildFile; fileRef = 1C6D51FD20FADE5000F8F5D7 /* SelectSchoolTypeExtension.swift */; };
		1C6D520020FB9C9300F8F5D7 /* ClassNameViewExtension.swift in Sources */ = {isa = PBXBuildFile; fileRef = 1C6D51FF20FB9C9300F8F5D7 /* ClassNameViewExtension.swift */; };
		1C83E8162112053D00D647D0 /* ChangeYourInfoViewController.swift in Sources */ = {isa = PBXBuildFile; fileRef = 1C83E8152112053C00D647D0 /* ChangeYourInfoViewController.swift */; };
		1C83E818211228C400D647D0 /* ClassYearViewController.swift in Sources */ = {isa = PBXBuildFile; fileRef = 1C83E817211228C400D647D0 /* ClassYearViewController.swift */; };
		1C83E81B211359FA00D647D0 /* ClassYearTableViewCell.swift in Sources */ = {isa = PBXBuildFile; fileRef = 1C83E81A211359FA00D647D0 /* ClassYearTableViewCell.swift */; };
		1C83E81D2113879E00D647D0 /* MajorViewController.swift in Sources */ = {isa = PBXBuildFile; fileRef = 1C83E81C2113879E00D647D0 /* MajorViewController.swift */; };
		1C83E82121138F4400D647D0 /* MajorDetail.swift in Sources */ = {isa = PBXBuildFile; fileRef = 1C83E82021138F4400D647D0 /* MajorDetail.swift */; };
		1C83E8232113CCED00D647D0 /* MajorViewModel.swift in Sources */ = {isa = PBXBuildFile; fileRef = 1C83E8222113CCED00D647D0 /* MajorViewModel.swift */; };
		1C83E8252113D3FD00D647D0 /* MajorTableViewCell.swift in Sources */ = {isa = PBXBuildFile; fileRef = 1C83E8242113D3FD00D647D0 /* MajorTableViewCell.swift */; };
		1C85E3202103F61200124FDA /* AddInfoImageDetailViewController.swift in Sources */ = {isa = PBXBuildFile; fileRef = 1C85E31F2103F61200124FDA /* AddInfoImageDetailViewController.swift */; };
		1C900E2E210141AA0016DFDC /* NoResultLabel.swift in Sources */ = {isa = PBXBuildFile; fileRef = 1C900E2C210141AA0016DFDC /* NoResultLabel.swift */; };
		1C900E2F210141AA0016DFDC /* NoResultButton.swift in Sources */ = {isa = PBXBuildFile; fileRef = 1C900E2D210141AA0016DFDC /* NoResultButton.swift */; };
		1C9710442116698B00A140FE /* ClassYearAlert.swift in Sources */ = {isa = PBXBuildFile; fileRef = 1C9710432116698B00A140FE /* ClassYearAlert.swift */; };
		1C98F65D212840AE00EFD4EF /* AllUserHelper.swift in Sources */ = {isa = PBXBuildFile; fileRef = 1C98F65C212840AE00EFD4EF /* AllUserHelper.swift */; };
		1C98F65F21285D6800EFD4EF /* UserClassesViewModel.swift in Sources */ = {isa = PBXBuildFile; fileRef = 1C98F65E21285D6800EFD4EF /* UserClassesViewModel.swift */; };
		1C98F6622128624D00EFD4EF /* ClassYearTableView.swift in Sources */ = {isa = PBXBuildFile; fileRef = 1C98F6612128624D00EFD4EF /* ClassYearTableView.swift */; };
		1C98F6652128644000EFD4EF /* UserClassesTableView.swift in Sources */ = {isa = PBXBuildFile; fileRef = 1C98F6642128644000EFD4EF /* UserClassesTableView.swift */; };
		1C98F66821287CE300EFD4EF /* ClassProtocol.swift in Sources */ = {isa = PBXBuildFile; fileRef = 1C98F66721287CE300EFD4EF /* ClassProtocol.swift */; };
		1CAAAC5B20F3C64300443225 /* SchoolViewModel.swift in Sources */ = {isa = PBXBuildFile; fileRef = 1CAAAC5A20F3C64300443225 /* SchoolViewModel.swift */; };
		1CAAAC5F20F3E6C700443225 /* ClassViewController.swift in Sources */ = {isa = PBXBuildFile; fileRef = 1CAAAC5E20F3E6C700443225 /* ClassViewController.swift */; };
		1CAAAC6120F3E79000443225 /* ClassTableViewCell.swift in Sources */ = {isa = PBXBuildFile; fileRef = 1CAAAC6020F3E79000443225 /* ClassTableViewCell.swift */; };
		1CAAAC6320F4428D00443225 /* ClassNameViewController.swift in Sources */ = {isa = PBXBuildFile; fileRef = 1CAAAC6220F4428D00443225 /* ClassNameViewController.swift */; };
		1CB5F33020E3202500876F80 /* tieuhochanoi.txt in Resources */ = {isa = PBXBuildFile; fileRef = 1CB5F32F20E3202500876F80 /* tieuhochanoi.txt */; };
		1CBC0FBB210D3FE500DBFBE8 /* AddImagesViewController.swift in Sources */ = {isa = PBXBuildFile; fileRef = 1CBC0FBA210D3FE500DBFBE8 /* AddImagesViewController.swift */; };
		1CBF5C7820A8197B00B78E6A /* AppDelegate.swift in Sources */ = {isa = PBXBuildFile; fileRef = 1CBF5C7720A8197B00B78E6A /* AppDelegate.swift */; };
		1CBF5C7A20A8197B00B78E6A /* SelectSchoolTypeViewController.swift in Sources */ = {isa = PBXBuildFile; fileRef = 1CBF5C7920A8197B00B78E6A /* SelectSchoolTypeViewController.swift */; };
		1CBF5C7D20A8197B00B78E6A /* Main.storyboard in Resources */ = {isa = PBXBuildFile; fileRef = 1CBF5C7B20A8197B00B78E6A /* Main.storyboard */; };
		1CBF5C7F20A8197C00B78E6A /* Assets.xcassets in Resources */ = {isa = PBXBuildFile; fileRef = 1CBF5C7E20A8197C00B78E6A /* Assets.xcassets */; };
		1CBF5C8220A8197C00B78E6A /* LaunchScreen.storyboard in Resources */ = {isa = PBXBuildFile; fileRef = 1CBF5C8020A8197C00B78E6A /* LaunchScreen.storyboard */; };
		1CBF5C8D20A8197C00B78E6A /* TimBanCuTests.swift in Sources */ = {isa = PBXBuildFile; fileRef = 1CBF5C8C20A8197C00B78E6A /* TimBanCuTests.swift */; };
		1CBF5C9820A8197C00B78E6A /* TimBanCuUITests.swift in Sources */ = {isa = PBXBuildFile; fileRef = 1CBF5C9720A8197C00B78E6A /* TimBanCuUITests.swift */; };
		1CCA5CC6210D13FE00BF79B3 /* StudentImageDetailViewController.swift in Sources */ = {isa = PBXBuildFile; fileRef = 1CCA5CC5210D13FE00BF79B3 /* StudentImageDetailViewController.swift */; };
		1CCFACED211A7CEF00429FA2 /* Colors.swift in Sources */ = {isa = PBXBuildFile; fileRef = 1CCFACEC211A7CEE00429FA2 /* Colors.swift */; };
		1CCFACF0211A820700429FA2 /* empty_list.json in Resources */ = {isa = PBXBuildFile; fileRef = 1CCFACEF211A820700429FA2 /* empty_list.json */; };
		1CCFACF5211A836200429FA2 /* Butcherandblock.otf in Resources */ = {isa = PBXBuildFile; fileRef = 1CCFACF2211A836200429FA2 /* Butcherandblock.otf */; };
		1CCFACF6211A836200429FA2 /* FS Playlist Caps.otf in Resources */ = {isa = PBXBuildFile; fileRef = 1CCFACF3211A836200429FA2 /* FS Playlist Caps.otf */; };
		1CCFACF7211A836200429FA2 /* ShowcaseSans.ttf in Resources */ = {isa = PBXBuildFile; fileRef = 1CCFACF4211A836200429FA2 /* ShowcaseSans.ttf */; };
		1CDBA7B12124FAD5002004F9 /* UserClassesViewController.swift in Sources */ = {isa = PBXBuildFile; fileRef = 1CDBA7B02124FAD5002004F9 /* UserClassesViewController.swift */; };
		1CDBA7B32124FBC4002004F9 /* UserClassTableViewCell.swift in Sources */ = {isa = PBXBuildFile; fileRef = 1CDBA7B22124FBC4002004F9 /* UserClassTableViewCell.swift */; };
		1CDBA7B72125082C002004F9 /* ClassDetailTableView.swift in Sources */ = {isa = PBXBuildFile; fileRef = 1CDBA7B62125082C002004F9 /* ClassDetailTableView.swift */; };
		1CE24D0220FBE153008DE3FB /* CurrentUserHelper.swift in Sources */ = {isa = PBXBuildFile; fileRef = 1CE24D0120FBE153008DE3FB /* CurrentUserHelper.swift */; };
		1CE24D0520FBE6F8008DE3FB /* School.swift in Sources */ = {isa = PBXBuildFile; fileRef = 1CE24D0420FBE6F8008DE3FB /* School.swift */; };
		1CE24D0720FC0690008DE3FB /* ClassDetail.swift in Sources */ = {isa = PBXBuildFile; fileRef = 1CE24D0620FC0690008DE3FB /* ClassDetail.swift */; };
		1CE24D0920FC0B08008DE3FB /* ClassNameTableViewCell.swift in Sources */ = {isa = PBXBuildFile; fileRef = 1CE24D0820FC0B08008DE3FB /* ClassNameTableViewCell.swift */; };
		1CE24D0B20FC1070008DE3FB /* ClassNameViewModel.swift in Sources */ = {isa = PBXBuildFile; fileRef = 1CE24D0A20FC1070008DE3FB /* ClassNameViewModel.swift */; };
		1CE24D0D20FC19A2008DE3FB /* SchoolQuery.swift in Sources */ = {isa = PBXBuildFile; fileRef = 1CE24D0C20FC19A2008DE3FB /* SchoolQuery.swift */; };
		1CF50FE2210A3BDD00346EF9 /* SignInExtension.swift in Sources */ = {isa = PBXBuildFile; fileRef = 1CF50FE1210A3BDD00346EF9 /* SignInExtension.swift */; };
		1CF50FE4210A738F00346EF9 /* StudentDetailViewController.swift in Sources */ = {isa = PBXBuildFile; fileRef = 1CF50FE3210A738F00346EF9 /* StudentDetailViewController.swift */; };
		1CF50FE6210B678200346EF9 /* CircleImageView.swift in Sources */ = {isa = PBXBuildFile; fileRef = 1CF50FE5210B678100346EF9 /* CircleImageView.swift */; };
		1CFB9C2420F134C600945819 /* SchoolViewController.swift in Sources */ = {isa = PBXBuildFile; fileRef = 1CFB9C2320F134C600945819 /* SchoolViewController.swift */; };
		1CFB9C2720F1702B00945819 /* SchoolTableViewCell.swift in Sources */ = {isa = PBXBuildFile; fileRef = 1CFB9C2620F1702B00945819 /* SchoolTableViewCell.swift */; };
		38CAE9CB2128C933005BE656 /* RoundedImageView.swift in Sources */ = {isa = PBXBuildFile; fileRef = 38CAE9CA2128C933005BE656 /* RoundedImageView.swift */; };
		38CAE9CD2128D132005BE656 /* ShimmeringLabel.swift in Sources */ = {isa = PBXBuildFile; fileRef = 38CAE9CC2128D132005BE656 /* ShimmeringLabel.swift */; };
		6325AE7E10B116C45626D6CB /* Pods_TimBanCuTests.framework in Frameworks */ = {isa = PBXBuildFile; fileRef = 6F33A95542DA078ED459341A /* Pods_TimBanCuTests.framework */; };
		D868AFE6657B257B7B9E556F /* Pods_TimBanCuUITests.framework in Frameworks */ = {isa = PBXBuildFile; fileRef = AB6AB859161F1B93DF11EEFF /* Pods_TimBanCuUITests.framework */; };
/* End PBXBuildFile section */

/* Begin PBXContainerItemProxy section */
		1CBF5C8920A8197C00B78E6A /* PBXContainerItemProxy */ = {
			isa = PBXContainerItemProxy;
			containerPortal = 1CBF5C6C20A8197B00B78E6A /* Project object */;
			proxyType = 1;
			remoteGlobalIDString = 1CBF5C7320A8197B00B78E6A;
			remoteInfo = TimBanCu;
		};
		1CBF5C9420A8197C00B78E6A /* PBXContainerItemProxy */ = {
			isa = PBXContainerItemProxy;
			containerPortal = 1CBF5C6C20A8197B00B78E6A /* Project object */;
			proxyType = 1;
			remoteGlobalIDString = 1CBF5C7320A8197B00B78E6A;
			remoteInfo = TimBanCu;
		};
/* End PBXContainerItemProxy section */

/* Begin PBXFileReference section */
		062D3E5DECDB3776FAB857AB /* Pods-TimBanCuUITests.release.xcconfig */ = {isa = PBXFileReference; includeInIndex = 1; lastKnownFileType = text.xcconfig; name = "Pods-TimBanCuUITests.release.xcconfig"; path = "Pods/Target Support Files/Pods-TimBanCuUITests/Pods-TimBanCuUITests.release.xcconfig"; sourceTree = "<group>"; };
		0B3FDB03BE104F43EC8082C7 /* Pods-TimBanCuTests.release.xcconfig */ = {isa = PBXFileReference; includeInIndex = 1; lastKnownFileType = text.xcconfig; name = "Pods-TimBanCuTests.release.xcconfig"; path = "Pods/Target Support Files/Pods-TimBanCuTests/Pods-TimBanCuTests.release.xcconfig"; sourceTree = "<group>"; };
		1277A282A2B7EF6C61B7E6A4 /* Pods-TimBanCuUITests.debug.xcconfig */ = {isa = PBXFileReference; includeInIndex = 1; lastKnownFileType = text.xcconfig; name = "Pods-TimBanCuUITests.debug.xcconfig"; path = "Pods/Target Support Files/Pods-TimBanCuUITests/Pods-TimBanCuUITests.debug.xcconfig"; sourceTree = "<group>"; };
		1C0A039B20F5163C00E105A9 /* SchoolAlert.swift */ = {isa = PBXFileReference; lastKnownFileType = sourcecode.swift; path = SchoolAlert.swift; sourceTree = "<group>"; };
		1C0A039D20F516EF00E105A9 /* SchoolTableView.swift */ = {isa = PBXFileReference; lastKnownFileType = sourcecode.swift; path = SchoolTableView.swift; sourceTree = "<group>"; };
		1C0A03A020F51BFF00E105A9 /* ClassNameAlerts.swift */ = {isa = PBXFileReference; lastKnownFileType = sourcecode.swift; path = ClassNameAlerts.swift; sourceTree = "<group>"; };
		1C1A98F6210BB43700D20079 /* ChatViewController.swift */ = {isa = PBXFileReference; lastKnownFileType = sourcecode.swift; path = ChatViewController.swift; sourceTree = "<group>"; };
		1C1A98F8210CA9ED00D20079 /* AddYourInfoImage.swift */ = {isa = PBXFileReference; lastKnownFileType = sourcecode.swift; path = AddYourInfoImage.swift; sourceTree = "<group>"; };
		1C1A98FB210CBBE400D20079 /* ChatImageFromDBExtension.swift */ = {isa = PBXFileReference; lastKnownFileType = sourcecode.swift; path = ChatImageFromDBExtension.swift; sourceTree = "<group>"; };
		1C1A98FD210CBC7000D20079 /* ChatCollectionViewExtension.swift */ = {isa = PBXFileReference; lastKnownFileType = sourcecode.swift; path = ChatCollectionViewExtension.swift; sourceTree = "<group>"; };
		1C1A98FF210CBCB900D20079 /* ChatImagePickerExtension.swift */ = {isa = PBXFileReference; lastKnownFileType = sourcecode.swift; path = ChatImagePickerExtension.swift; sourceTree = "<group>"; };
		1C1A9901210CBE4300D20079 /* ChatViewControllerUIExtension.swift */ = {isa = PBXFileReference; lastKnownFileType = sourcecode.swift; path = ChatViewControllerUIExtension.swift; sourceTree = "<group>"; };
		1C1A9903210CBEC100D20079 /* ChatTextFieldExtension.swift */ = {isa = PBXFileReference; lastKnownFileType = sourcecode.swift; path = ChatTextFieldExtension.swift; sourceTree = "<group>"; };
		1C1A9905210CBFD700D20079 /* ChatMessageExtension.swift */ = {isa = PBXFileReference; lastKnownFileType = sourcecode.swift; path = ChatMessageExtension.swift; sourceTree = "<group>"; };
		1C278C8020FE306C00CCB7C0 /* ClassDetailViewControllerExtension.swift */ = {isa = PBXFileReference; lastKnownFileType = sourcecode.swift; path = ClassDetailViewControllerExtension.swift; sourceTree = "<group>"; };
		1C278CA720FE785300CCB7C0 /* AddYourInfoViewController.swift */ = {isa = PBXFileReference; lastKnownFileType = sourcecode.swift; path = AddYourInfoViewController.swift; sourceTree = "<group>"; };
		1C2E7370210916E7007EAE63 /* AddYourInfoExtension.swift */ = {isa = PBXFileReference; lastKnownFileType = sourcecode.swift; path = AddYourInfoExtension.swift; sourceTree = "<group>"; };
		1C2E7375210919A9007EAE63 /* AddYourInfoImageSlideshow.swift */ = {isa = PBXFileReference; lastKnownFileType = sourcecode.swift; path = AddYourInfoImageSlideshow.swift; sourceTree = "<group>"; };
		1C2E737721091A3A007EAE63 /* AddYourInfoAlert.swift */ = {isa = PBXFileReference; lastKnownFileType = sourcecode.swift; path = AddYourInfoAlert.swift; sourceTree = "<group>"; };
		1C3ADA8320F6B6F80041421F /* SignInViewController.swift */ = {isa = PBXFileReference; lastKnownFileType = sourcecode.swift; path = SignInViewController.swift; sourceTree = "<group>"; };
		1C3ADA8B20F962BB0041421F /* awsconfiguration.json */ = {isa = PBXFileReference; fileEncoding = 4; lastKnownFileType = text.json; path = awsconfiguration.json; sourceTree = "<group>"; };
		1C3ADA8F20FA40720041421F /* GoogleService-Info.plist */ = {isa = PBXFileReference; fileEncoding = 4; lastKnownFileType = text.plist.xml; path = "GoogleService-Info.plist"; sourceTree = "<group>"; };
		1C4BF8742117F06C006A7FBE /* MajorAlert.swift */ = {isa = PBXFileReference; lastKnownFileType = sourcecode.swift; path = MajorAlert.swift; sourceTree = "<group>"; };
		1C4BF8772117F1CA006A7FBE /* MajorExtension.swift */ = {isa = PBXFileReference; lastKnownFileType = sourcecode.swift; path = MajorExtension.swift; sourceTree = "<group>"; };
		1C5365B520E6ABE7000F7FB2 /* tieuhoctphcm.txt */ = {isa = PBXFileReference; fileEncoding = 4; lastKnownFileType = text; path = tieuhoctphcm.txt; sourceTree = "<group>"; };
		1C5365B720E6B7A1000F7FB2 /* thcshanoi.txt */ = {isa = PBXFileReference; fileEncoding = 4; lastKnownFileType = text; path = thcshanoi.txt; sourceTree = "<group>"; };
		1C5365B920E6BDFE000F7FB2 /* thpttphcm.txt */ = {isa = PBXFileReference; fileEncoding = 4; lastKnownFileType = text; path = thpttphcm.txt; sourceTree = "<group>"; };
		1C5365BB20E6D034000F7FB2 /* thcstanbinh.txt */ = {isa = PBXFileReference; fileEncoding = 4; lastKnownFileType = text; path = thcstanbinh.txt; sourceTree = "<group>"; };
		1C5365BD20E6D952000F7FB2 /* thpthanoi.txt */ = {isa = PBXFileReference; fileEncoding = 4; lastKnownFileType = text; path = thpthanoi.txt; sourceTree = "<group>"; };
		1C5365BF20E7F384000F7FB2 /* dhcanuoc.txt */ = {isa = PBXFileReference; fileEncoding = 4; lastKnownFileType = text; path = dhcanuoc.txt; sourceTree = "<group>"; };
		1C53F4F420FD408A00F4ACEB /* ClassDetailViewController.swift */ = {isa = PBXFileReference; lastKnownFileType = sourcecode.swift; path = ClassDetailViewController.swift; sourceTree = "<group>"; };
		1C53F4F620FD422A00F4ACEB /* Student.swift */ = {isa = PBXFileReference; lastKnownFileType = sourcecode.swift; path = Student.swift; sourceTree = "<group>"; };
		1C53F4F820FD44D200F4ACEB /* SettingViewController.swift */ = {isa = PBXFileReference; lastKnownFileType = sourcecode.swift; path = SettingViewController.swift; sourceTree = "<group>"; };
		1C53F4FA20FD455D00F4ACEB /* SettingTableViewCell.swift */ = {isa = PBXFileReference; lastKnownFileType = sourcecode.swift; path = SettingTableViewCell.swift; sourceTree = "<group>"; };
		1C53F4FC20FD496100F4ACEB /* ClassDetailTableViewCell.swift */ = {isa = PBXFileReference; lastKnownFileType = sourcecode.swift; path = ClassDetailTableViewCell.swift; sourceTree = "<group>"; };
		1C53F4FE20FD4BA400F4ACEB /* ClassDetailViewModel.swift */ = {isa = PBXFileReference; lastKnownFileType = sourcecode.swift; path = ClassDetailViewModel.swift; sourceTree = "<group>"; };
		1C6D51F620FAC85300F8F5D7 /* ViewShadow.swift */ = {isa = PBXFileReference; lastKnownFileType = sourcecode.swift; path = ViewShadow.swift; sourceTree = "<group>"; };
		1C6D51F820FAC86F00F8F5D7 /* CircleView.swift */ = {isa = PBXFileReference; lastKnownFileType = sourcecode.swift; path = CircleView.swift; sourceTree = "<group>"; };
		1C6D51FB20FACCD100F8F5D7 /* SchoolViewExtension.swift */ = {isa = PBXFileReference; lastKnownFileType = sourcecode.swift; path = SchoolViewExtension.swift; sourceTree = "<group>"; };
		1C6D51FD20FADE5000F8F5D7 /* SelectSchoolTypeExtension.swift */ = {isa = PBXFileReference; lastKnownFileType = sourcecode.swift; path = SelectSchoolTypeExtension.swift; sourceTree = "<group>"; };
		1C6D51FF20FB9C9300F8F5D7 /* ClassNameViewExtension.swift */ = {isa = PBXFileReference; lastKnownFileType = sourcecode.swift; path = ClassNameViewExtension.swift; sourceTree = "<group>"; };
		1C83E8152112053C00D647D0 /* ChangeYourInfoViewController.swift */ = {isa = PBXFileReference; lastKnownFileType = sourcecode.swift; path = ChangeYourInfoViewController.swift; sourceTree = "<group>"; };
		1C83E817211228C400D647D0 /* ClassYearViewController.swift */ = {isa = PBXFileReference; lastKnownFileType = sourcecode.swift; path = ClassYearViewController.swift; sourceTree = "<group>"; };
		1C83E81A211359FA00D647D0 /* ClassYearTableViewCell.swift */ = {isa = PBXFileReference; lastKnownFileType = sourcecode.swift; path = ClassYearTableViewCell.swift; sourceTree = "<group>"; };
		1C83E81C2113879E00D647D0 /* MajorViewController.swift */ = {isa = PBXFileReference; lastKnownFileType = sourcecode.swift; path = MajorViewController.swift; sourceTree = "<group>"; };
		1C83E82021138F4400D647D0 /* MajorDetail.swift */ = {isa = PBXFileReference; lastKnownFileType = sourcecode.swift; path = MajorDetail.swift; sourceTree = "<group>"; };
		1C83E8222113CCED00D647D0 /* MajorViewModel.swift */ = {isa = PBXFileReference; lastKnownFileType = sourcecode.swift; path = MajorViewModel.swift; sourceTree = "<group>"; };
		1C83E8242113D3FD00D647D0 /* MajorTableViewCell.swift */ = {isa = PBXFileReference; lastKnownFileType = sourcecode.swift; path = MajorTableViewCell.swift; sourceTree = "<group>"; };
		1C85E31F2103F61200124FDA /* AddInfoImageDetailViewController.swift */ = {isa = PBXFileReference; lastKnownFileType = sourcecode.swift; path = AddInfoImageDetailViewController.swift; sourceTree = "<group>"; };
		1C900E2C210141AA0016DFDC /* NoResultLabel.swift */ = {isa = PBXFileReference; fileEncoding = 4; lastKnownFileType = sourcecode.swift; path = NoResultLabel.swift; sourceTree = "<group>"; };
		1C900E2D210141AA0016DFDC /* NoResultButton.swift */ = {isa = PBXFileReference; fileEncoding = 4; lastKnownFileType = sourcecode.swift; path = NoResultButton.swift; sourceTree = "<group>"; };
		1C9710432116698B00A140FE /* ClassYearAlert.swift */ = {isa = PBXFileReference; lastKnownFileType = sourcecode.swift; path = ClassYearAlert.swift; sourceTree = "<group>"; };
		1C98F65C212840AE00EFD4EF /* AllUserHelper.swift */ = {isa = PBXFileReference; lastKnownFileType = sourcecode.swift; path = AllUserHelper.swift; sourceTree = "<group>"; };
		1C98F65E21285D6800EFD4EF /* UserClassesViewModel.swift */ = {isa = PBXFileReference; lastKnownFileType = sourcecode.swift; path = UserClassesViewModel.swift; sourceTree = "<group>"; };
		1C98F6612128624D00EFD4EF /* ClassYearTableView.swift */ = {isa = PBXFileReference; lastKnownFileType = sourcecode.swift; path = ClassYearTableView.swift; sourceTree = "<group>"; };
		1C98F6642128644000EFD4EF /* UserClassesTableView.swift */ = {isa = PBXFileReference; lastKnownFileType = sourcecode.swift; path = UserClassesTableView.swift; sourceTree = "<group>"; };
		1C98F66721287CE300EFD4EF /* ClassProtocol.swift */ = {isa = PBXFileReference; lastKnownFileType = sourcecode.swift; path = ClassProtocol.swift; sourceTree = "<group>"; };
		1CAAAC5A20F3C64300443225 /* SchoolViewModel.swift */ = {isa = PBXFileReference; lastKnownFileType = sourcecode.swift; path = SchoolViewModel.swift; sourceTree = "<group>"; };
		1CAAAC5E20F3E6C700443225 /* ClassViewController.swift */ = {isa = PBXFileReference; lastKnownFileType = sourcecode.swift; path = ClassViewController.swift; sourceTree = "<group>"; };
		1CAAAC6020F3E79000443225 /* ClassTableViewCell.swift */ = {isa = PBXFileReference; lastKnownFileType = sourcecode.swift; path = ClassTableViewCell.swift; sourceTree = "<group>"; };
		1CAAAC6220F4428D00443225 /* ClassNameViewController.swift */ = {isa = PBXFileReference; lastKnownFileType = sourcecode.swift; path = ClassNameViewController.swift; sourceTree = "<group>"; };
		1CB5F32F20E3202500876F80 /* tieuhochanoi.txt */ = {isa = PBXFileReference; fileEncoding = 4; lastKnownFileType = text; path = tieuhochanoi.txt; sourceTree = "<group>"; };
		1CBC0FBA210D3FE500DBFBE8 /* AddImagesViewController.swift */ = {isa = PBXFileReference; lastKnownFileType = sourcecode.swift; path = AddImagesViewController.swift; sourceTree = "<group>"; };
		1CBF5C7420A8197B00B78E6A /* TimBanCu.app */ = {isa = PBXFileReference; explicitFileType = wrapper.application; includeInIndex = 0; path = TimBanCu.app; sourceTree = BUILT_PRODUCTS_DIR; };
		1CBF5C7720A8197B00B78E6A /* AppDelegate.swift */ = {isa = PBXFileReference; lastKnownFileType = sourcecode.swift; path = AppDelegate.swift; sourceTree = "<group>"; };
		1CBF5C7920A8197B00B78E6A /* SelectSchoolTypeViewController.swift */ = {isa = PBXFileReference; lastKnownFileType = sourcecode.swift; path = SelectSchoolTypeViewController.swift; sourceTree = "<group>"; };
		1CBF5C7C20A8197B00B78E6A /* Base */ = {isa = PBXFileReference; lastKnownFileType = file.storyboard; name = Base; path = Base.lproj/Main.storyboard; sourceTree = "<group>"; };
		1CBF5C7E20A8197C00B78E6A /* Assets.xcassets */ = {isa = PBXFileReference; lastKnownFileType = folder.assetcatalog; path = Assets.xcassets; sourceTree = "<group>"; };
		1CBF5C8120A8197C00B78E6A /* Base */ = {isa = PBXFileReference; lastKnownFileType = file.storyboard; name = Base; path = Base.lproj/LaunchScreen.storyboard; sourceTree = "<group>"; };
		1CBF5C8320A8197C00B78E6A /* Info.plist */ = {isa = PBXFileReference; lastKnownFileType = text.plist.xml; path = Info.plist; sourceTree = "<group>"; };
		1CBF5C8820A8197C00B78E6A /* TimBanCuTests.xctest */ = {isa = PBXFileReference; explicitFileType = wrapper.cfbundle; includeInIndex = 0; path = TimBanCuTests.xctest; sourceTree = BUILT_PRODUCTS_DIR; };
		1CBF5C8C20A8197C00B78E6A /* TimBanCuTests.swift */ = {isa = PBXFileReference; lastKnownFileType = sourcecode.swift; path = TimBanCuTests.swift; sourceTree = "<group>"; };
		1CBF5C8E20A8197C00B78E6A /* Info.plist */ = {isa = PBXFileReference; lastKnownFileType = text.plist.xml; path = Info.plist; sourceTree = "<group>"; };
		1CBF5C9320A8197C00B78E6A /* TimBanCuUITests.xctest */ = {isa = PBXFileReference; explicitFileType = wrapper.cfbundle; includeInIndex = 0; path = TimBanCuUITests.xctest; sourceTree = BUILT_PRODUCTS_DIR; };
		1CBF5C9720A8197C00B78E6A /* TimBanCuUITests.swift */ = {isa = PBXFileReference; lastKnownFileType = sourcecode.swift; path = TimBanCuUITests.swift; sourceTree = "<group>"; };
		1CBF5C9920A8197C00B78E6A /* Info.plist */ = {isa = PBXFileReference; lastKnownFileType = text.plist.xml; path = Info.plist; sourceTree = "<group>"; };
		1CCA5CC5210D13FE00BF79B3 /* StudentImageDetailViewController.swift */ = {isa = PBXFileReference; lastKnownFileType = sourcecode.swift; path = StudentImageDetailViewController.swift; sourceTree = "<group>"; };
		1CCFACEC211A7CEE00429FA2 /* Colors.swift */ = {isa = PBXFileReference; fileEncoding = 4; lastKnownFileType = sourcecode.swift; path = Colors.swift; sourceTree = "<group>"; };
		1CCFACEE211A81A700429FA2 /* ButcherandBlockExtras1.otf */ = {isa = PBXFileReference; lastKnownFileType = file; path = ButcherandBlockExtras1.otf; sourceTree = "<group>"; };
		1CCFACEF211A820700429FA2 /* empty_list.json */ = {isa = PBXFileReference; fileEncoding = 4; lastKnownFileType = text.json; path = empty_list.json; sourceTree = "<group>"; };
		1CCFACF2211A836200429FA2 /* Butcherandblock.otf */ = {isa = PBXFileReference; lastKnownFileType = file; path = Butcherandblock.otf; sourceTree = "<group>"; };
		1CCFACF3211A836200429FA2 /* FS Playlist Caps.otf */ = {isa = PBXFileReference; lastKnownFileType = file; path = "FS Playlist Caps.otf"; sourceTree = "<group>"; };
		1CCFACF4211A836200429FA2 /* ShowcaseSans.ttf */ = {isa = PBXFileReference; lastKnownFileType = file; path = ShowcaseSans.ttf; sourceTree = "<group>"; };
		1CDBA7B02124FAD5002004F9 /* UserClassesViewController.swift */ = {isa = PBXFileReference; lastKnownFileType = sourcecode.swift; path = UserClassesViewController.swift; sourceTree = "<group>"; };
		1CDBA7B22124FBC4002004F9 /* UserClassTableViewCell.swift */ = {isa = PBXFileReference; lastKnownFileType = sourcecode.swift; path = UserClassTableViewCell.swift; sourceTree = "<group>"; };
		1CDBA7B62125082C002004F9 /* ClassDetailTableView.swift */ = {isa = PBXFileReference; lastKnownFileType = sourcecode.swift; path = ClassDetailTableView.swift; sourceTree = "<group>"; };
		1CE24D0120FBE153008DE3FB /* CurrentUserHelper.swift */ = {isa = PBXFileReference; lastKnownFileType = sourcecode.swift; path = CurrentUserHelper.swift; sourceTree = "<group>"; };
		1CE24D0420FBE6F8008DE3FB /* School.swift */ = {isa = PBXFileReference; lastKnownFileType = sourcecode.swift; path = School.swift; sourceTree = "<group>"; };
		1CE24D0620FC0690008DE3FB /* ClassDetail.swift */ = {isa = PBXFileReference; lastKnownFileType = sourcecode.swift; path = ClassDetail.swift; sourceTree = "<group>"; };
		1CE24D0820FC0B08008DE3FB /* ClassNameTableViewCell.swift */ = {isa = PBXFileReference; lastKnownFileType = sourcecode.swift; path = ClassNameTableViewCell.swift; sourceTree = "<group>"; };
		1CE24D0A20FC1070008DE3FB /* ClassNameViewModel.swift */ = {isa = PBXFileReference; lastKnownFileType = sourcecode.swift; path = ClassNameViewModel.swift; sourceTree = "<group>"; };
		1CE24D0C20FC19A2008DE3FB /* SchoolQuery.swift */ = {isa = PBXFileReference; lastKnownFileType = sourcecode.swift; path = SchoolQuery.swift; sourceTree = "<group>"; };
		1CF50FE1210A3BDD00346EF9 /* SignInExtension.swift */ = {isa = PBXFileReference; lastKnownFileType = sourcecode.swift; path = SignInExtension.swift; sourceTree = "<group>"; };
		1CF50FE3210A738F00346EF9 /* StudentDetailViewController.swift */ = {isa = PBXFileReference; lastKnownFileType = sourcecode.swift; path = StudentDetailViewController.swift; sourceTree = "<group>"; };
		1CF50FE5210B678100346EF9 /* CircleImageView.swift */ = {isa = PBXFileReference; fileEncoding = 4; lastKnownFileType = sourcecode.swift; path = CircleImageView.swift; sourceTree = "<group>"; };
		1CFB9C2320F134C600945819 /* SchoolViewController.swift */ = {isa = PBXFileReference; lastKnownFileType = sourcecode.swift; path = SchoolViewController.swift; sourceTree = "<group>"; };
		1CFB9C2620F1702B00945819 /* SchoolTableViewCell.swift */ = {isa = PBXFileReference; lastKnownFileType = sourcecode.swift; path = SchoolTableViewCell.swift; sourceTree = "<group>"; };
		1E095FF72F300CC3150459DF /* Pods-TimBanCuTests.debug.xcconfig */ = {isa = PBXFileReference; includeInIndex = 1; lastKnownFileType = text.xcconfig; name = "Pods-TimBanCuTests.debug.xcconfig"; path = "Pods/Target Support Files/Pods-TimBanCuTests/Pods-TimBanCuTests.debug.xcconfig"; sourceTree = "<group>"; };
		38CAE9CA2128C933005BE656 /* RoundedImageView.swift */ = {isa = PBXFileReference; fileEncoding = 4; lastKnownFileType = sourcecode.swift; path = RoundedImageView.swift; sourceTree = "<group>"; };
		38CAE9CC2128D132005BE656 /* ShimmeringLabel.swift */ = {isa = PBXFileReference; lastKnownFileType = sourcecode.swift; path = ShimmeringLabel.swift; sourceTree = "<group>"; };
		4203691F03ED76B3F5BD22AE /* Pods_TimBanCu.framework */ = {isa = PBXFileReference; explicitFileType = wrapper.framework; includeInIndex = 0; path = Pods_TimBanCu.framework; sourceTree = BUILT_PRODUCTS_DIR; };
		4BD024BC0784FAA968F67BBC /* Pods-TimBanCu.release.xcconfig */ = {isa = PBXFileReference; includeInIndex = 1; lastKnownFileType = text.xcconfig; name = "Pods-TimBanCu.release.xcconfig"; path = "Pods/Target Support Files/Pods-TimBanCu/Pods-TimBanCu.release.xcconfig"; sourceTree = "<group>"; };
		6F33A95542DA078ED459341A /* Pods_TimBanCuTests.framework */ = {isa = PBXFileReference; explicitFileType = wrapper.framework; includeInIndex = 0; path = Pods_TimBanCuTests.framework; sourceTree = BUILT_PRODUCTS_DIR; };
		AB6AB859161F1B93DF11EEFF /* Pods_TimBanCuUITests.framework */ = {isa = PBXFileReference; explicitFileType = wrapper.framework; includeInIndex = 0; path = Pods_TimBanCuUITests.framework; sourceTree = BUILT_PRODUCTS_DIR; };
		DF13F5EA7675A357F5E8BA42 /* Pods-TimBanCu.debug.xcconfig */ = {isa = PBXFileReference; includeInIndex = 1; lastKnownFileType = text.xcconfig; name = "Pods-TimBanCu.debug.xcconfig"; path = "Pods/Target Support Files/Pods-TimBanCu/Pods-TimBanCu.debug.xcconfig"; sourceTree = "<group>"; };
/* End PBXFileReference section */

/* Begin PBXFrameworksBuildPhase section */
		1CBF5C7120A8197B00B78E6A /* Frameworks */ = {
			isa = PBXFrameworksBuildPhase;
			buildActionMask = 2147483647;
			files = (
				01F7AD756B4ABB210CAFF467 /* Pods_TimBanCu.framework in Frameworks */,
			);
			runOnlyForDeploymentPostprocessing = 0;
		};
		1CBF5C8520A8197C00B78E6A /* Frameworks */ = {
			isa = PBXFrameworksBuildPhase;
			buildActionMask = 2147483647;
			files = (
				6325AE7E10B116C45626D6CB /* Pods_TimBanCuTests.framework in Frameworks */,
			);
			runOnlyForDeploymentPostprocessing = 0;
		};
		1CBF5C9020A8197C00B78E6A /* Frameworks */ = {
			isa = PBXFrameworksBuildPhase;
			buildActionMask = 2147483647;
			files = (
				D868AFE6657B257B7B9E556F /* Pods_TimBanCuUITests.framework in Frameworks */,
			);
			runOnlyForDeploymentPostprocessing = 0;
		};
/* End PBXFrameworksBuildPhase section */

/* Begin PBXGroup section */
		1C0A039A20F5162100E105A9 /* SchoolAndUniversity */ = {
			isa = PBXGroup;
			children = (
				1CFB9C2320F134C600945819 /* SchoolViewController.swift */,
				1C0A039B20F5163C00E105A9 /* SchoolAlert.swift */,
				1CE24D0C20FC19A2008DE3FB /* SchoolQuery.swift */,
				1C0A039D20F516EF00E105A9 /* SchoolTableView.swift */,
				1C6D51FB20FACCD100F8F5D7 /* SchoolViewExtension.swift */,
			);
			path = SchoolAndUniversity;
			sourceTree = "<group>";
		};
		1C0A039F20F51BE200E105A9 /* ClassNameViewControllers */ = {
			isa = PBXGroup;
			children = (
				1CAAAC6220F4428D00443225 /* ClassNameViewController.swift */,
				1C0A03A020F51BFF00E105A9 /* ClassNameAlerts.swift */,
				1C6D51FF20FB9C9300F8F5D7 /* ClassNameViewExtension.swift */,
			);
			path = ClassNameViewControllers;
			sourceTree = "<group>";
		};
		1C1257382128C29D007FE4FF /* Select School */ = {
			isa = PBXGroup;
			children = (
				1CBF5C7920A8197B00B78E6A /* SelectSchoolTypeViewController.swift */,
				1C6D51FD20FADE5000F8F5D7 /* SelectSchoolTypeExtension.swift */,
			);
			path = "Select School";
			sourceTree = "<group>";
		};
		1C1A98FA210CBBC800D20079 /* Chat */ = {
			isa = PBXGroup;
			children = (
				1C1A98F6210BB43700D20079 /* ChatViewController.swift */,
				1C1A98FB210CBBE400D20079 /* ChatImageFromDBExtension.swift */,
				1C1A98FD210CBC7000D20079 /* ChatCollectionViewExtension.swift */,
				1C1A98FF210CBCB900D20079 /* ChatImagePickerExtension.swift */,
				1C1A9903210CBEC100D20079 /* ChatTextFieldExtension.swift */,
				1C1A9905210CBFD700D20079 /* ChatMessageExtension.swift */,
				1C1A9901210CBE4300D20079 /* ChatViewControllerUIExtension.swift */,
			);
			path = Chat;
			sourceTree = "<group>";
		};
		1C2E737421091990007EAE63 /* AddYourInfo */ = {
			isa = PBXGroup;
			children = (
				1C278CA720FE785300CCB7C0 /* AddYourInfoViewController.swift */,
				1C784B672110F7D500647C40 /* AddYourInfoExtensions */,
				1C85E31F2103F61200124FDA /* AddInfoImageDetailViewController.swift */,
				1C2E7370210916E7007EAE63 /* AddYourInfoExtension.swift */,
			);
			path = AddYourInfo;
			sourceTree = "<group>";
		};
		1C4BF8732117F059006A7FBE /* University Major */ = {
			isa = PBXGroup;
			children = (
				1C83E81C2113879E00D647D0 /* MajorViewController.swift */,
				1C4BF8742117F06C006A7FBE /* MajorAlert.swift */,
				1C4BF8772117F1CA006A7FBE /* MajorExtension.swift */,
			);
			path = "University Major";
			sourceTree = "<group>";
		};
		1C784B672110F7D500647C40 /* AddYourInfoExtensions */ = {
			isa = PBXGroup;
			children = (
				1C2E7375210919A9007EAE63 /* AddYourInfoImageSlideshow.swift */,
				1C2E737721091A3A007EAE63 /* AddYourInfoAlert.swift */,
				1C1A98F8210CA9ED00D20079 /* AddYourInfoImage.swift */,
			);
			path = AddYourInfoExtensions;
			sourceTree = "<group>";
		};
		1C784B682110F85200647C40 /* StudentDetail */ = {
			isa = PBXGroup;
			children = (
				1CF50FE3210A738F00346EF9 /* StudentDetailViewController.swift */,
				1CCA5CC5210D13FE00BF79B3 /* StudentImageDetailViewController.swift */,
			);
			path = StudentDetail;
			sourceTree = "<group>";
		};
		1C9710452116699000A140FE /* ClassYear */ = {
			isa = PBXGroup;
			children = (
				1C83E817211228C400D647D0 /* ClassYearViewController.swift */,
				1C9710432116698B00A140FE /* ClassYearAlert.swift */,
				1C98F6612128624D00EFD4EF /* ClassYearTableView.swift */,
			);
			path = ClassYear;
			sourceTree = "<group>";
		};
		1C98F6632128642900EFD4EF /* User Classes */ = {
			isa = PBXGroup;
			children = (
				1CDBA7B02124FAD5002004F9 /* UserClassesViewController.swift */,
				1C98F6642128644000EFD4EF /* UserClassesTableView.swift */,
			);
			path = "User Classes";
			sourceTree = "<group>";
		};
		1C98F6662128667900EFD4EF /* TableCell */ = {
			isa = PBXGroup;
			children = (
				1CFB9C2620F1702B00945819 /* SchoolTableViewCell.swift */,
				1C83E8242113D3FD00D647D0 /* MajorTableViewCell.swift */,
				1CAAAC6020F3E79000443225 /* ClassTableViewCell.swift */,
				1CE24D0820FC0B08008DE3FB /* ClassNameTableViewCell.swift */,
				1C83E81A211359FA00D647D0 /* ClassYearTableViewCell.swift */,
				1C53F4FC20FD496100F4ACEB /* ClassDetailTableViewCell.swift */,
				1CDBA7B22124FBC4002004F9 /* UserClassTableViewCell.swift */,
				1C53F4FA20FD455D00F4ACEB /* SettingTableViewCell.swift */,
			);
			path = TableCell;
			sourceTree = "<group>";
		};
		1C98F66921288C3100EFD4EF /* Sign In */ = {
			isa = PBXGroup;
			children = (
				1C3ADA8320F6B6F80041421F /* SignInViewController.swift */,
				1CF50FE1210A3BDD00346EF9 /* SignInExtension.swift */,
			);
			path = "Sign In";
			sourceTree = "<group>";
		};
		1CAAAC5C20F3CA6E00443225 /* Controller */ = {
			isa = PBXGroup;
			children = (
				1C1257382128C29D007FE4FF /* Select School */,
				1C98F66921288C3100EFD4EF /* Sign In */,
				1C0A039A20F5162100E105A9 /* SchoolAndUniversity */,
				1C4BF8732117F059006A7FBE /* University Major */,
				1CAAAC5E20F3E6C700443225 /* ClassViewController.swift */,
				1C0A039F20F51BE200E105A9 /* ClassNameViewControllers */,
				1C9710452116699000A140FE /* ClassYear */,
				1CDBA7B52125081B002004F9 /* Class Detail */,
				1C2E737421091990007EAE63 /* AddYourInfo */,
				1CBC0FBA210D3FE500DBFBE8 /* AddImagesViewController.swift */,
				1C784B682110F85200647C40 /* StudentDetail */,
				1C1A98FA210CBBC800D20079 /* Chat */,
				1C98F6632128642900EFD4EF /* User Classes */,
				1C53F4F820FD44D200F4ACEB /* SettingViewController.swift */,
				1C83E8152112053C00D647D0 /* ChangeYourInfoViewController.swift */,
			);
			path = Controller;
			sourceTree = "<group>";
		};
		1CAAAC5D20F3CA7E00443225 /* Resource */ = {
			isa = PBXGroup;
			children = (
				1C3ADA8F20FA40720041421F /* GoogleService-Info.plist */,
				1CB5F32F20E3202500876F80 /* tieuhochanoi.txt */,
				1C5365B520E6ABE7000F7FB2 /* tieuhoctphcm.txt */,
				1C5365B720E6B7A1000F7FB2 /* thcshanoi.txt */,
				1C5365BB20E6D034000F7FB2 /* thcstanbinh.txt */,
				1C5365B920E6BDFE000F7FB2 /* thpttphcm.txt */,
				1C5365BD20E6D952000F7FB2 /* thpthanoi.txt */,
				1C5365BF20E7F384000F7FB2 /* dhcanuoc.txt */,
				1CCFACEF211A820700429FA2 /* empty_list.json */,
				1CCFACF1211A836200429FA2 /* Fonts */,
				1CCFACEE211A81A700429FA2 /* ButcherandBlockExtras1.otf */,
				1C3ADA8B20F962BB0041421F /* awsconfiguration.json */,
			);
			path = Resource;
			sourceTree = "<group>";
		};
		1CBF5C6B20A8197B00B78E6A = {
			isa = PBXGroup;
			children = (
				1CBF5C7620A8197B00B78E6A /* TimBanCu */,
				1CBF5C8B20A8197C00B78E6A /* TimBanCuTests */,
				1CBF5C9620A8197C00B78E6A /* TimBanCuUITests */,
				1CBF5C7520A8197B00B78E6A /* Products */,
				E343F45EB883F33D68910D4B /* Pods */,
				F06DC4C0DBDA1C5227ECFC5F /* Frameworks */,
			);
			sourceTree = "<group>";
		};
		1CBF5C7520A8197B00B78E6A /* Products */ = {
			isa = PBXGroup;
			children = (
				1CBF5C7420A8197B00B78E6A /* TimBanCu.app */,
				1CBF5C8820A8197C00B78E6A /* TimBanCuTests.xctest */,
				1CBF5C9320A8197C00B78E6A /* TimBanCuUITests.xctest */,
			);
			name = Products;
			sourceTree = "<group>";
		};
		1CBF5C7620A8197B00B78E6A /* TimBanCu */ = {
			isa = PBXGroup;
			children = (
				1CAAAC5D20F3CA7E00443225 /* Resource */,
				1CE24D0320FBE6E6008DE3FB /* Model */,
				1CFB9C2820F1703300945819 /* View */,
				1CFB9C2520F15A6F00945819 /* View Model */,
				1CAAAC5C20F3CA6E00443225 /* Controller */,
				1CE24D0020FBE142008DE3FB /* Helper */,
				1CBF5C7720A8197B00B78E6A /* AppDelegate.swift */,
				1CBF5C7B20A8197B00B78E6A /* Main.storyboard */,
				1CBF5C7E20A8197C00B78E6A /* Assets.xcassets */,
				1CBF5C8020A8197C00B78E6A /* LaunchScreen.storyboard */,
				1CBF5C8320A8197C00B78E6A /* Info.plist */,
			);
			path = TimBanCu;
			sourceTree = "<group>";
		};
		1CBF5C8B20A8197C00B78E6A /* TimBanCuTests */ = {
			isa = PBXGroup;
			children = (
				1CBF5C8C20A8197C00B78E6A /* TimBanCuTests.swift */,
				1CBF5C8E20A8197C00B78E6A /* Info.plist */,
			);
			path = TimBanCuTests;
			sourceTree = "<group>";
		};
		1CBF5C9620A8197C00B78E6A /* TimBanCuUITests */ = {
			isa = PBXGroup;
			children = (
				1CBF5C9720A8197C00B78E6A /* TimBanCuUITests.swift */,
				1CBF5C9920A8197C00B78E6A /* Info.plist */,
			);
			path = TimBanCuUITests;
			sourceTree = "<group>";
		};
		1CCFACF1211A836200429FA2 /* Fonts */ = {
			isa = PBXGroup;
			children = (
				1CCFACF2211A836200429FA2 /* Butcherandblock.otf */,
				1CCFACF3211A836200429FA2 /* FS Playlist Caps.otf */,
				1CCFACF4211A836200429FA2 /* ShowcaseSans.ttf */,
			);
			path = Fonts;
			sourceTree = "<group>";
		};
		1CDBA7B52125081B002004F9 /* Class Detail */ = {
			isa = PBXGroup;
			children = (
				1C53F4F420FD408A00F4ACEB /* ClassDetailViewController.swift */,
				1CDBA7B62125082C002004F9 /* ClassDetailTableView.swift */,
				1C278C8020FE306C00CCB7C0 /* ClassDetailViewControllerExtension.swift */,
			);
			path = "Class Detail";
			sourceTree = "<group>";
		};
		1CE24D0020FBE142008DE3FB /* Helper */ = {
			isa = PBXGroup;
			children = (
				1CE24D0120FBE153008DE3FB /* CurrentUserHelper.swift */,
				1C98F65C212840AE00EFD4EF /* AllUserHelper.swift */,
			);
			path = Helper;
			sourceTree = "<group>";
		};
		1CE24D0320FBE6E6008DE3FB /* Model */ = {
			isa = PBXGroup;
			children = (
				1CE24D0420FBE6F8008DE3FB /* School.swift */,
				1C98F66721287CE300EFD4EF /* ClassProtocol.swift */,
				1CE24D0620FC0690008DE3FB /* ClassDetail.swift */,
				1C83E82021138F4400D647D0 /* MajorDetail.swift */,
				1C53F4F620FD422A00F4ACEB /* Student.swift */,
			);
			path = Model;
			sourceTree = "<group>";
		};
		1CFB9C2520F15A6F00945819 /* View Model */ = {
			isa = PBXGroup;
			children = (
				1CAAAC5A20F3C64300443225 /* SchoolViewModel.swift */,
				1CE24D0A20FC1070008DE3FB /* ClassNameViewModel.swift */,
				1C53F4FE20FD4BA400F4ACEB /* ClassDetailViewModel.swift */,
				1C83E8222113CCED00D647D0 /* MajorViewModel.swift */,
				1C98F65E21285D6800EFD4EF /* UserClassesViewModel.swift */,
			);
			path = "View Model";
			sourceTree = "<group>";
		};
		1CFB9C2820F1703300945819 /* View */ = {
			isa = PBXGroup;
			children = (
				1C98F6662128667900EFD4EF /* TableCell */,
				1C900E2D210141AA0016DFDC /* NoResultButton.swift */,
				38CAE9CA2128C933005BE656 /* RoundedImageView.swift */,
				1CCFACEC211A7CEE00429FA2 /* Colors.swift */,
				1C900E2C210141AA0016DFDC /* NoResultLabel.swift */,
				1CF50FE5210B678100346EF9 /* CircleImageView.swift */,
				1C6D51F620FAC85300F8F5D7 /* ViewShadow.swift */,
				1C6D51F820FAC86F00F8F5D7 /* CircleView.swift */,
				38CAE9CC2128D132005BE656 /* ShimmeringLabel.swift */,
			);
			path = View;
			sourceTree = "<group>";
		};
		E343F45EB883F33D68910D4B /* Pods */ = {
			isa = PBXGroup;
			children = (
				DF13F5EA7675A357F5E8BA42 /* Pods-TimBanCu.debug.xcconfig */,
				4BD024BC0784FAA968F67BBC /* Pods-TimBanCu.release.xcconfig */,
				1E095FF72F300CC3150459DF /* Pods-TimBanCuTests.debug.xcconfig */,
				0B3FDB03BE104F43EC8082C7 /* Pods-TimBanCuTests.release.xcconfig */,
				1277A282A2B7EF6C61B7E6A4 /* Pods-TimBanCuUITests.debug.xcconfig */,
				062D3E5DECDB3776FAB857AB /* Pods-TimBanCuUITests.release.xcconfig */,
			);
			name = Pods;
			sourceTree = "<group>";
		};
		F06DC4C0DBDA1C5227ECFC5F /* Frameworks */ = {
			isa = PBXGroup;
			children = (
				4203691F03ED76B3F5BD22AE /* Pods_TimBanCu.framework */,
				6F33A95542DA078ED459341A /* Pods_TimBanCuTests.framework */,
				AB6AB859161F1B93DF11EEFF /* Pods_TimBanCuUITests.framework */,
			);
			name = Frameworks;
			sourceTree = "<group>";
		};
/* End PBXGroup section */

/* Begin PBXNativeTarget section */
		1CBF5C7320A8197B00B78E6A /* TimBanCu */ = {
			isa = PBXNativeTarget;
			buildConfigurationList = 1CBF5C9C20A8197C00B78E6A /* Build configuration list for PBXNativeTarget "TimBanCu" */;
			buildPhases = (
				154286649FEBC3E3BAEA0EF5 /* [CP] Check Pods Manifest.lock */,
				1CBF5C7020A8197B00B78E6A /* Sources */,
				1CBF5C7120A8197B00B78E6A /* Frameworks */,
				1CBF5C7220A8197B00B78E6A /* Resources */,
				DE26E05FD3EC4C0B7BD3DF1B /* [CP] Embed Pods Frameworks */,
				91A97E86DCF56EE3D3151C1F /* [CP] Copy Pods Resources */,
			);
			buildRules = (
			);
			dependencies = (
			);
			name = TimBanCu;
			productName = TimBanCu;
			productReference = 1CBF5C7420A8197B00B78E6A /* TimBanCu.app */;
			productType = "com.apple.product-type.application";
		};
		1CBF5C8720A8197C00B78E6A /* TimBanCuTests */ = {
			isa = PBXNativeTarget;
			buildConfigurationList = 1CBF5C9F20A8197C00B78E6A /* Build configuration list for PBXNativeTarget "TimBanCuTests" */;
			buildPhases = (
				20EB1782EFDBF3D671B1C0E5 /* [CP] Check Pods Manifest.lock */,
				1CBF5C8420A8197C00B78E6A /* Sources */,
				1CBF5C8520A8197C00B78E6A /* Frameworks */,
				1CBF5C8620A8197C00B78E6A /* Resources */,
			);
			buildRules = (
			);
			dependencies = (
				1CBF5C8A20A8197C00B78E6A /* PBXTargetDependency */,
			);
			name = TimBanCuTests;
			productName = TimBanCuTests;
			productReference = 1CBF5C8820A8197C00B78E6A /* TimBanCuTests.xctest */;
			productType = "com.apple.product-type.bundle.unit-test";
		};
		1CBF5C9220A8197C00B78E6A /* TimBanCuUITests */ = {
			isa = PBXNativeTarget;
			buildConfigurationList = 1CBF5CA220A8197C00B78E6A /* Build configuration list for PBXNativeTarget "TimBanCuUITests" */;
			buildPhases = (
				C3FCDB5AECB86C314AB64A3A /* [CP] Check Pods Manifest.lock */,
				1CBF5C8F20A8197C00B78E6A /* Sources */,
				1CBF5C9020A8197C00B78E6A /* Frameworks */,
				1CBF5C9120A8197C00B78E6A /* Resources */,
			);
			buildRules = (
			);
			dependencies = (
				1CBF5C9520A8197C00B78E6A /* PBXTargetDependency */,
			);
			name = TimBanCuUITests;
			productName = TimBanCuUITests;
			productReference = 1CBF5C9320A8197C00B78E6A /* TimBanCuUITests.xctest */;
			productType = "com.apple.product-type.bundle.ui-testing";
		};
/* End PBXNativeTarget section */

/* Begin PBXProject section */
		1CBF5C6C20A8197B00B78E6A /* Project object */ = {
			isa = PBXProject;
			attributes = {
				LastSwiftUpdateCheck = 0930;
				LastUpgradeCheck = 0930;
				ORGANIZATIONNAME = "Duy Le 2";
				TargetAttributes = {
					1CBF5C7320A8197B00B78E6A = {
						CreatedOnToolsVersion = 9.3;
					};
					1CBF5C8720A8197C00B78E6A = {
						CreatedOnToolsVersion = 9.3;
						TestTargetID = 1CBF5C7320A8197B00B78E6A;
					};
					1CBF5C9220A8197C00B78E6A = {
						CreatedOnToolsVersion = 9.3;
						TestTargetID = 1CBF5C7320A8197B00B78E6A;
					};
				};
			};
			buildConfigurationList = 1CBF5C6F20A8197B00B78E6A /* Build configuration list for PBXProject "TimBanCu" */;
			compatibilityVersion = "Xcode 9.3";
			developmentRegion = en;
			hasScannedForEncodings = 0;
			knownRegions = (
				en,
				Base,
			);
			mainGroup = 1CBF5C6B20A8197B00B78E6A;
			productRefGroup = 1CBF5C7520A8197B00B78E6A /* Products */;
			projectDirPath = "";
			projectRoot = "";
			targets = (
				1CBF5C7320A8197B00B78E6A /* TimBanCu */,
				1CBF5C8720A8197C00B78E6A /* TimBanCuTests */,
				1CBF5C9220A8197C00B78E6A /* TimBanCuUITests */,
			);
		};
/* End PBXProject section */

/* Begin PBXResourcesBuildPhase section */
		1CBF5C7220A8197B00B78E6A /* Resources */ = {
			isa = PBXResourcesBuildPhase;
			buildActionMask = 2147483647;
			files = (
				1CBF5C8220A8197C00B78E6A /* LaunchScreen.storyboard in Resources */,
				1C5365BA20E6BDFE000F7FB2 /* thpttphcm.txt in Resources */,
				1CCFACF0211A820700429FA2 /* empty_list.json in Resources */,
				1C5365BE20E6D953000F7FB2 /* thpthanoi.txt in Resources */,
				1C5365C020E7F384000F7FB2 /* dhcanuoc.txt in Resources */,
				1C3ADA8C20F962BB0041421F /* awsconfiguration.json in Resources */,
				1CCFACF6211A836200429FA2 /* FS Playlist Caps.otf in Resources */,
				1CBF5C7F20A8197C00B78E6A /* Assets.xcassets in Resources */,
				1C5365BC20E6D034000F7FB2 /* thcstanbinh.txt in Resources */,
				1C3ADA9020FA40730041421F /* GoogleService-Info.plist in Resources */,
				1CCFACF5211A836200429FA2 /* Butcherandblock.otf in Resources */,
				1C5365B820E6B7A1000F7FB2 /* thcshanoi.txt in Resources */,
				1CB5F33020E3202500876F80 /* tieuhochanoi.txt in Resources */,
				1C5365B620E6ABE7000F7FB2 /* tieuhoctphcm.txt in Resources */,
				1CCFACF7211A836200429FA2 /* ShowcaseSans.ttf in Resources */,
				1CBF5C7D20A8197B00B78E6A /* Main.storyboard in Resources */,
			);
			runOnlyForDeploymentPostprocessing = 0;
		};
		1CBF5C8620A8197C00B78E6A /* Resources */ = {
			isa = PBXResourcesBuildPhase;
			buildActionMask = 2147483647;
			files = (
			);
			runOnlyForDeploymentPostprocessing = 0;
		};
		1CBF5C9120A8197C00B78E6A /* Resources */ = {
			isa = PBXResourcesBuildPhase;
			buildActionMask = 2147483647;
			files = (
			);
			runOnlyForDeploymentPostprocessing = 0;
		};
/* End PBXResourcesBuildPhase section */

/* Begin PBXShellScriptBuildPhase section */
		154286649FEBC3E3BAEA0EF5 /* [CP] Check Pods Manifest.lock */ = {
			isa = PBXShellScriptBuildPhase;
			buildActionMask = 2147483647;
			files = (
			);
			inputPaths = (
				"${PODS_PODFILE_DIR_PATH}/Podfile.lock",
				"${PODS_ROOT}/Manifest.lock",
			);
			name = "[CP] Check Pods Manifest.lock";
			outputPaths = (
				"$(DERIVED_FILE_DIR)/Pods-TimBanCu-checkManifestLockResult.txt",
			);
			runOnlyForDeploymentPostprocessing = 0;
			shellPath = /bin/sh;
			shellScript = "diff \"${PODS_PODFILE_DIR_PATH}/Podfile.lock\" \"${PODS_ROOT}/Manifest.lock\" > /dev/null\nif [ $? != 0 ] ; then\n    # print error to STDERR\n    echo \"error: The sandbox is not in sync with the Podfile.lock. Run 'pod install' or update your CocoaPods installation.\" >&2\n    exit 1\nfi\n# This output is used by Xcode 'outputs' to avoid re-running this script phase.\necho \"SUCCESS\" > \"${SCRIPT_OUTPUT_FILE_0}\"\n";
			showEnvVarsInLog = 0;
		};
		20EB1782EFDBF3D671B1C0E5 /* [CP] Check Pods Manifest.lock */ = {
			isa = PBXShellScriptBuildPhase;
			buildActionMask = 2147483647;
			files = (
			);
			inputPaths = (
				"${PODS_PODFILE_DIR_PATH}/Podfile.lock",
				"${PODS_ROOT}/Manifest.lock",
			);
			name = "[CP] Check Pods Manifest.lock";
			outputPaths = (
				"$(DERIVED_FILE_DIR)/Pods-TimBanCuTests-checkManifestLockResult.txt",
			);
			runOnlyForDeploymentPostprocessing = 0;
			shellPath = /bin/sh;
			shellScript = "diff \"${PODS_PODFILE_DIR_PATH}/Podfile.lock\" \"${PODS_ROOT}/Manifest.lock\" > /dev/null\nif [ $? != 0 ] ; then\n    # print error to STDERR\n    echo \"error: The sandbox is not in sync with the Podfile.lock. Run 'pod install' or update your CocoaPods installation.\" >&2\n    exit 1\nfi\n# This output is used by Xcode 'outputs' to avoid re-running this script phase.\necho \"SUCCESS\" > \"${SCRIPT_OUTPUT_FILE_0}\"\n";
			showEnvVarsInLog = 0;
		};
		91A97E86DCF56EE3D3151C1F /* [CP] Copy Pods Resources */ = {
			isa = PBXShellScriptBuildPhase;
			buildActionMask = 2147483647;
			files = (
			);
			inputPaths = (
				"${SRCROOT}/Pods/Target Support Files/Pods-TimBanCu/Pods-TimBanCu-resources.sh",
				"${PODS_ROOT}/GoogleSignIn/Resources/GoogleSignIn.bundle",
			);
			name = "[CP] Copy Pods Resources";
			outputPaths = (
				"${TARGET_BUILD_DIR}/${UNLOCALIZED_RESOURCES_FOLDER_PATH}/GoogleSignIn.bundle",
			);
			runOnlyForDeploymentPostprocessing = 0;
			shellPath = /bin/sh;
			shellScript = "\"${SRCROOT}/Pods/Target Support Files/Pods-TimBanCu/Pods-TimBanCu-resources.sh\"\n";
			showEnvVarsInLog = 0;
		};
		C3FCDB5AECB86C314AB64A3A /* [CP] Check Pods Manifest.lock */ = {
			isa = PBXShellScriptBuildPhase;
			buildActionMask = 2147483647;
			files = (
			);
			inputPaths = (
				"${PODS_PODFILE_DIR_PATH}/Podfile.lock",
				"${PODS_ROOT}/Manifest.lock",
			);
			name = "[CP] Check Pods Manifest.lock";
			outputPaths = (
				"$(DERIVED_FILE_DIR)/Pods-TimBanCuUITests-checkManifestLockResult.txt",
			);
			runOnlyForDeploymentPostprocessing = 0;
			shellPath = /bin/sh;
			shellScript = "diff \"${PODS_PODFILE_DIR_PATH}/Podfile.lock\" \"${PODS_ROOT}/Manifest.lock\" > /dev/null\nif [ $? != 0 ] ; then\n    # print error to STDERR\n    echo \"error: The sandbox is not in sync with the Podfile.lock. Run 'pod install' or update your CocoaPods installation.\" >&2\n    exit 1\nfi\n# This output is used by Xcode 'outputs' to avoid re-running this script phase.\necho \"SUCCESS\" > \"${SCRIPT_OUTPUT_FILE_0}\"\n";
			showEnvVarsInLog = 0;
		};
		DE26E05FD3EC4C0B7BD3DF1B /* [CP] Embed Pods Frameworks */ = {
			isa = PBXShellScriptBuildPhase;
			buildActionMask = 2147483647;
			files = (
			);
			inputPaths = (
				"${SRCROOT}/Pods/Target Support Files/Pods-TimBanCu/Pods-TimBanCu-frameworks.sh",
				"${BUILT_PRODUCTS_DIR}/Bolts/Bolts.framework",
				"${BUILT_PRODUCTS_DIR}/DKCamera/DKCamera.framework",
				"${BUILT_PRODUCTS_DIR}/DKImagePickerController/DKImagePickerController.framework",
				"${BUILT_PRODUCTS_DIR}/DKPhotoGallery/DKPhotoGallery.framework",
				"${BUILT_PRODUCTS_DIR}/DropDown/DropDown.framework",
				"${BUILT_PRODUCTS_DIR}/FBSDKCoreKit/FBSDKCoreKit.framework",
				"${BUILT_PRODUCTS_DIR}/FBSDKLoginKit/FBSDKLoginKit.framework",
				"${BUILT_PRODUCTS_DIR}/FBSDKShareKit/FBSDKShareKit.framework",
				"${BUILT_PRODUCTS_DIR}/FLAnimatedImage/FLAnimatedImage.framework",
				"${BUILT_PRODUCTS_DIR}/FacebookCore/FacebookCore.framework",
				"${BUILT_PRODUCTS_DIR}/FacebookLogin/FacebookLogin.framework",
				"${BUILT_PRODUCTS_DIR}/FacebookShare/FacebookShare.framework",
				"${BUILT_PRODUCTS_DIR}/GTMOAuth2/GTMOAuth2.framework",
				"${BUILT_PRODUCTS_DIR}/GTMSessionFetcher/GTMSessionFetcher.framework",
				"${BUILT_PRODUCTS_DIR}/GoogleToolboxForMac/GoogleToolboxForMac.framework",
				"${BUILT_PRODUCTS_DIR}/Hero/Hero.framework",
				"${BUILT_PRODUCTS_DIR}/ImageSlideshow/ImageSlideshow.framework",
				"${BUILT_PRODUCTS_DIR}/JSQMessagesViewController/JSQMessagesViewController.framework",
				"${BUILT_PRODUCTS_DIR}/JSQSystemSoundPlayer/JSQSystemSoundPlayer.framework",
				"${BUILT_PRODUCTS_DIR}/RevealingSplashView/RevealingSplashView.framework",
				"${BUILT_PRODUCTS_DIR}/SDWebImage/SDWebImage.framework",
				"${BUILT_PRODUCTS_DIR}/leveldb-library/leveldb.framework",
				"${BUILT_PRODUCTS_DIR}/lottie-ios/Lottie.framework",
				"${BUILT_PRODUCTS_DIR}/nanopb/nanopb.framework",
			);
			name = "[CP] Embed Pods Frameworks";
			outputPaths = (
				"${TARGET_BUILD_DIR}/${FRAMEWORKS_FOLDER_PATH}/Bolts.framework",
				"${TARGET_BUILD_DIR}/${FRAMEWORKS_FOLDER_PATH}/DKCamera.framework",
				"${TARGET_BUILD_DIR}/${FRAMEWORKS_FOLDER_PATH}/DKImagePickerController.framework",
				"${TARGET_BUILD_DIR}/${FRAMEWORKS_FOLDER_PATH}/DKPhotoGallery.framework",
				"${TARGET_BUILD_DIR}/${FRAMEWORKS_FOLDER_PATH}/DropDown.framework",
				"${TARGET_BUILD_DIR}/${FRAMEWORKS_FOLDER_PATH}/FBSDKCoreKit.framework",
				"${TARGET_BUILD_DIR}/${FRAMEWORKS_FOLDER_PATH}/FBSDKLoginKit.framework",
				"${TARGET_BUILD_DIR}/${FRAMEWORKS_FOLDER_PATH}/FBSDKShareKit.framework",
				"${TARGET_BUILD_DIR}/${FRAMEWORKS_FOLDER_PATH}/FLAnimatedImage.framework",
				"${TARGET_BUILD_DIR}/${FRAMEWORKS_FOLDER_PATH}/FacebookCore.framework",
				"${TARGET_BUILD_DIR}/${FRAMEWORKS_FOLDER_PATH}/FacebookLogin.framework",
				"${TARGET_BUILD_DIR}/${FRAMEWORKS_FOLDER_PATH}/FacebookShare.framework",
				"${TARGET_BUILD_DIR}/${FRAMEWORKS_FOLDER_PATH}/GTMOAuth2.framework",
				"${TARGET_BUILD_DIR}/${FRAMEWORKS_FOLDER_PATH}/GTMSessionFetcher.framework",
				"${TARGET_BUILD_DIR}/${FRAMEWORKS_FOLDER_PATH}/GoogleToolboxForMac.framework",
				"${TARGET_BUILD_DIR}/${FRAMEWORKS_FOLDER_PATH}/Hero.framework",
				"${TARGET_BUILD_DIR}/${FRAMEWORKS_FOLDER_PATH}/ImageSlideshow.framework",
				"${TARGET_BUILD_DIR}/${FRAMEWORKS_FOLDER_PATH}/JSQMessagesViewController.framework",
				"${TARGET_BUILD_DIR}/${FRAMEWORKS_FOLDER_PATH}/JSQSystemSoundPlayer.framework",
				"${TARGET_BUILD_DIR}/${FRAMEWORKS_FOLDER_PATH}/RevealingSplashView.framework",
				"${TARGET_BUILD_DIR}/${FRAMEWORKS_FOLDER_PATH}/SDWebImage.framework",
				"${TARGET_BUILD_DIR}/${FRAMEWORKS_FOLDER_PATH}/leveldb.framework",
				"${TARGET_BUILD_DIR}/${FRAMEWORKS_FOLDER_PATH}/Lottie.framework",
				"${TARGET_BUILD_DIR}/${FRAMEWORKS_FOLDER_PATH}/nanopb.framework",
			);
			runOnlyForDeploymentPostprocessing = 0;
			shellPath = /bin/sh;
			shellScript = "\"${SRCROOT}/Pods/Target Support Files/Pods-TimBanCu/Pods-TimBanCu-frameworks.sh\"\n";
			showEnvVarsInLog = 0;
		};
/* End PBXShellScriptBuildPhase section */

/* Begin PBXSourcesBuildPhase section */
		1CBF5C7020A8197B00B78E6A /* Sources */ = {
			isa = PBXSourcesBuildPhase;
			buildActionMask = 2147483647;
			files = (
				1C900E2E210141AA0016DFDC /* NoResultLabel.swift in Sources */,
				1C1A98F9210CA9ED00D20079 /* AddYourInfoImage.swift in Sources */,
				1CF50FE6210B678200346EF9 /* CircleImageView.swift in Sources */,
				1C6D51FE20FADE5000F8F5D7 /* SelectSchoolTypeExtension.swift in Sources */,
				1C2E7371210916E7007EAE63 /* AddYourInfoExtension.swift in Sources */,
				1CDBA7B72125082C002004F9 /* ClassDetailTableView.swift in Sources */,
				38CAE9CB2128C933005BE656 /* RoundedImageView.swift in Sources */,
				1CCFACED211A7CEF00429FA2 /* Colors.swift in Sources */,
				1C53F4FD20FD496100F4ACEB /* ClassDetailTableViewCell.swift in Sources */,
				1C83E81B211359FA00D647D0 /* ClassYearTableViewCell.swift in Sources */,
				1C1A9906210CBFD700D20079 /* ChatMessageExtension.swift in Sources */,
				1C1A98FE210CBC7000D20079 /* ChatCollectionViewExtension.swift in Sources */,
				1C98F65D212840AE00EFD4EF /* AllUserHelper.swift in Sources */,
				1C53F4FB20FD455D00F4ACEB /* SettingTableViewCell.swift in Sources */,
				1C6D520020FB9C9300F8F5D7 /* ClassNameViewExtension.swift in Sources */,
				1C83E8232113CCED00D647D0 /* MajorViewModel.swift in Sources */,
				1C83E818211228C400D647D0 /* ClassYearViewController.swift in Sources */,
				1CDBA7B32124FBC4002004F9 /* UserClassTableViewCell.swift in Sources */,
				1CF50FE4210A738F00346EF9 /* StudentDetailViewController.swift in Sources */,
				1C2E7376210919A9007EAE63 /* AddYourInfoImageSlideshow.swift in Sources */,
				1C83E8162112053D00D647D0 /* ChangeYourInfoViewController.swift in Sources */,
				1C1A98F7210BB43700D20079 /* ChatViewController.swift in Sources */,
				1CF50FE2210A3BDD00346EF9 /* SignInExtension.swift in Sources */,
				1C85E3202103F61200124FDA /* AddInfoImageDetailViewController.swift in Sources */,
				1C98F6652128644000EFD4EF /* UserClassesTableView.swift in Sources */,
				1CAAAC6320F4428D00443225 /* ClassNameViewController.swift in Sources */,
				1CBF5C7A20A8197B00B78E6A /* SelectSchoolTypeViewController.swift in Sources */,
				1C53F4F520FD408A00F4ACEB /* ClassDetailViewController.swift in Sources */,
				1C83E81D2113879E00D647D0 /* MajorViewController.swift in Sources */,
				1C3ADA8420F6B6F80041421F /* SignInViewController.swift in Sources */,
				1C53F4F720FD422A00F4ACEB /* Student.swift in Sources */,
				1C6D51F720FAC85300F8F5D7 /* ViewShadow.swift in Sources */,
				1CFB9C2720F1702B00945819 /* SchoolTableViewCell.swift in Sources */,
				1CAAAC6120F3E79000443225 /* ClassTableViewCell.swift in Sources */,
				1C1A9904210CBEC100D20079 /* ChatTextFieldExtension.swift in Sources */,
				1CE24D0B20FC1070008DE3FB /* ClassNameViewModel.swift in Sources */,
				1C6D51F920FAC86F00F8F5D7 /* CircleView.swift in Sources */,
				1CFB9C2420F134C600945819 /* SchoolViewController.swift in Sources */,
				1CE24D0D20FC19A2008DE3FB /* SchoolQuery.swift in Sources */,
				1CE24D0920FC0B08008DE3FB /* ClassNameTableViewCell.swift in Sources */,
				1C83E8252113D3FD00D647D0 /* MajorTableViewCell.swift in Sources */,
				1CE24D0720FC0690008DE3FB /* ClassDetail.swift in Sources */,
				1C1A9900210CBCB900D20079 /* ChatImagePickerExtension.swift in Sources */,
				1CBF5C7820A8197B00B78E6A /* AppDelegate.swift in Sources */,
				1C900E2F210141AA0016DFDC /* NoResultButton.swift in Sources */,
				1C4BF8752117F06C006A7FBE /* MajorAlert.swift in Sources */,
				1C278C8120FE306C00CCB7C0 /* ClassDetailViewControllerExtension.swift in Sources */,
				1CAAAC5F20F3E6C700443225 /* ClassViewController.swift in Sources */,
				1C4BF8782117F1CA006A7FBE /* MajorExtension.swift in Sources */,
				1C0A039C20F5163C00E105A9 /* SchoolAlert.swift in Sources */,
				1CAAAC5B20F3C64300443225 /* SchoolViewModel.swift in Sources */,
				1CBC0FBB210D3FE500DBFBE8 /* AddImagesViewController.swift in Sources */,
				1C2E737821091A3A007EAE63 /* AddYourInfoAlert.swift in Sources */,
				1CCA5CC6210D13FE00BF79B3 /* StudentImageDetailViewController.swift in Sources */,
				1CE24D0520FBE6F8008DE3FB /* School.swift in Sources */,
				1C6D51FC20FACCD100F8F5D7 /* SchoolViewExtension.swift in Sources */,
				1C53F4F920FD44D200F4ACEB /* SettingViewController.swift in Sources */,
				1C83E82121138F4400D647D0 /* MajorDetail.swift in Sources */,
				1C98F66821287CE300EFD4EF /* ClassProtocol.swift in Sources */,
				1CE24D0220FBE153008DE3FB /* CurrentUserHelper.swift in Sources */,
				1C1A9902210CBE4300D20079 /* ChatViewControllerUIExtension.swift in Sources */,
				1C0A03A120F51C0000E105A9 /* ClassNameAlerts.swift in Sources */,
				1CDBA7B12124FAD5002004F9 /* UserClassesViewController.swift in Sources */,
				1C98F6622128624D00EFD4EF /* ClassYearTableView.swift in Sources */,
				1C278CA820FE785300CCB7C0 /* AddYourInfoViewController.swift in Sources */,
				1C1A98FC210CBBE400D20079 /* ChatImageFromDBExtension.swift in Sources */,
				1C53F4FF20FD4BA400F4ACEB /* ClassDetailViewModel.swift in Sources */,
				1C98F65F21285D6800EFD4EF /* UserClassesViewModel.swift in Sources */,
				1C0A039E20F516EF00E105A9 /* SchoolTableView.swift in Sources */,
				1C9710442116698B00A140FE /* ClassYearAlert.swift in Sources */,
				38CAE9CD2128D132005BE656 /* ShimmeringLabel.swift in Sources */,
			);
			runOnlyForDeploymentPostprocessing = 0;
		};
		1CBF5C8420A8197C00B78E6A /* Sources */ = {
			isa = PBXSourcesBuildPhase;
			buildActionMask = 2147483647;
			files = (
				1CBF5C8D20A8197C00B78E6A /* TimBanCuTests.swift in Sources */,
			);
			runOnlyForDeploymentPostprocessing = 0;
		};
		1CBF5C8F20A8197C00B78E6A /* Sources */ = {
			isa = PBXSourcesBuildPhase;
			buildActionMask = 2147483647;
			files = (
				1CBF5C9820A8197C00B78E6A /* TimBanCuUITests.swift in Sources */,
			);
			runOnlyForDeploymentPostprocessing = 0;
		};
/* End PBXSourcesBuildPhase section */

/* Begin PBXTargetDependency section */
		1CBF5C8A20A8197C00B78E6A /* PBXTargetDependency */ = {
			isa = PBXTargetDependency;
			target = 1CBF5C7320A8197B00B78E6A /* TimBanCu */;
			targetProxy = 1CBF5C8920A8197C00B78E6A /* PBXContainerItemProxy */;
		};
		1CBF5C9520A8197C00B78E6A /* PBXTargetDependency */ = {
			isa = PBXTargetDependency;
			target = 1CBF5C7320A8197B00B78E6A /* TimBanCu */;
			targetProxy = 1CBF5C9420A8197C00B78E6A /* PBXContainerItemProxy */;
		};
/* End PBXTargetDependency section */

/* Begin PBXVariantGroup section */
		1CBF5C7B20A8197B00B78E6A /* Main.storyboard */ = {
			isa = PBXVariantGroup;
			children = (
				1CBF5C7C20A8197B00B78E6A /* Base */,
			);
			name = Main.storyboard;
			sourceTree = "<group>";
		};
		1CBF5C8020A8197C00B78E6A /* LaunchScreen.storyboard */ = {
			isa = PBXVariantGroup;
			children = (
				1CBF5C8120A8197C00B78E6A /* Base */,
			);
			name = LaunchScreen.storyboard;
			sourceTree = "<group>";
		};
/* End PBXVariantGroup section */

/* Begin XCBuildConfiguration section */
		1CBF5C9A20A8197C00B78E6A /* Debug */ = {
			isa = XCBuildConfiguration;
			buildSettings = {
				ALWAYS_SEARCH_USER_PATHS = NO;
				CLANG_ANALYZER_NONNULL = YES;
				CLANG_ANALYZER_NUMBER_OBJECT_CONVERSION = YES_AGGRESSIVE;
				CLANG_CXX_LANGUAGE_STANDARD = "gnu++14";
				CLANG_CXX_LIBRARY = "libc++";
				CLANG_ENABLE_MODULES = YES;
				CLANG_ENABLE_OBJC_ARC = YES;
				CLANG_ENABLE_OBJC_WEAK = YES;
				CLANG_WARN_BLOCK_CAPTURE_AUTORELEASING = YES;
				CLANG_WARN_BOOL_CONVERSION = YES;
				CLANG_WARN_COMMA = YES;
				CLANG_WARN_CONSTANT_CONVERSION = YES;
				CLANG_WARN_DEPRECATED_OBJC_IMPLEMENTATIONS = YES;
				CLANG_WARN_DIRECT_OBJC_ISA_USAGE = YES_ERROR;
				CLANG_WARN_DOCUMENTATION_COMMENTS = YES;
				CLANG_WARN_EMPTY_BODY = YES;
				CLANG_WARN_ENUM_CONVERSION = YES;
				CLANG_WARN_INFINITE_RECURSION = YES;
				CLANG_WARN_INT_CONVERSION = YES;
				CLANG_WARN_NON_LITERAL_NULL_CONVERSION = YES;
				CLANG_WARN_OBJC_IMPLICIT_RETAIN_SELF = YES;
				CLANG_WARN_OBJC_LITERAL_CONVERSION = YES;
				CLANG_WARN_OBJC_ROOT_CLASS = YES_ERROR;
				CLANG_WARN_RANGE_LOOP_ANALYSIS = YES;
				CLANG_WARN_STRICT_PROTOTYPES = YES;
				CLANG_WARN_SUSPICIOUS_MOVE = YES;
				CLANG_WARN_UNGUARDED_AVAILABILITY = YES_AGGRESSIVE;
				CLANG_WARN_UNREACHABLE_CODE = YES;
				CLANG_WARN__DUPLICATE_METHOD_MATCH = YES;
				CODE_SIGN_IDENTITY = "iPhone Developer";
				COPY_PHASE_STRIP = NO;
				DEBUG_INFORMATION_FORMAT = dwarf;
				ENABLE_STRICT_OBJC_MSGSEND = YES;
				ENABLE_TESTABILITY = YES;
				GCC_C_LANGUAGE_STANDARD = gnu11;
				GCC_DYNAMIC_NO_PIC = NO;
				GCC_NO_COMMON_BLOCKS = YES;
				GCC_OPTIMIZATION_LEVEL = 0;
				GCC_PREPROCESSOR_DEFINITIONS = (
					"DEBUG=1",
					"$(inherited)",
				);
				GCC_WARN_64_TO_32_BIT_CONVERSION = YES;
				GCC_WARN_ABOUT_RETURN_TYPE = YES_ERROR;
				GCC_WARN_UNDECLARED_SELECTOR = YES;
				GCC_WARN_UNINITIALIZED_AUTOS = YES_AGGRESSIVE;
				GCC_WARN_UNUSED_FUNCTION = YES;
				GCC_WARN_UNUSED_VARIABLE = YES;
				IPHONEOS_DEPLOYMENT_TARGET = 11.3;
				MTL_ENABLE_DEBUG_INFO = YES;
				ONLY_ACTIVE_ARCH = YES;
				SDKROOT = iphoneos;
				SWIFT_ACTIVE_COMPILATION_CONDITIONS = DEBUG;
				SWIFT_OPTIMIZATION_LEVEL = "-Onone";
			};
			name = Debug;
		};
		1CBF5C9B20A8197C00B78E6A /* Release */ = {
			isa = XCBuildConfiguration;
			buildSettings = {
				ALWAYS_SEARCH_USER_PATHS = NO;
				CLANG_ANALYZER_NONNULL = YES;
				CLANG_ANALYZER_NUMBER_OBJECT_CONVERSION = YES_AGGRESSIVE;
				CLANG_CXX_LANGUAGE_STANDARD = "gnu++14";
				CLANG_CXX_LIBRARY = "libc++";
				CLANG_ENABLE_MODULES = YES;
				CLANG_ENABLE_OBJC_ARC = YES;
				CLANG_ENABLE_OBJC_WEAK = YES;
				CLANG_WARN_BLOCK_CAPTURE_AUTORELEASING = YES;
				CLANG_WARN_BOOL_CONVERSION = YES;
				CLANG_WARN_COMMA = YES;
				CLANG_WARN_CONSTANT_CONVERSION = YES;
				CLANG_WARN_DEPRECATED_OBJC_IMPLEMENTATIONS = YES;
				CLANG_WARN_DIRECT_OBJC_ISA_USAGE = YES_ERROR;
				CLANG_WARN_DOCUMENTATION_COMMENTS = YES;
				CLANG_WARN_EMPTY_BODY = YES;
				CLANG_WARN_ENUM_CONVERSION = YES;
				CLANG_WARN_INFINITE_RECURSION = YES;
				CLANG_WARN_INT_CONVERSION = YES;
				CLANG_WARN_NON_LITERAL_NULL_CONVERSION = YES;
				CLANG_WARN_OBJC_IMPLICIT_RETAIN_SELF = YES;
				CLANG_WARN_OBJC_LITERAL_CONVERSION = YES;
				CLANG_WARN_OBJC_ROOT_CLASS = YES_ERROR;
				CLANG_WARN_RANGE_LOOP_ANALYSIS = YES;
				CLANG_WARN_STRICT_PROTOTYPES = YES;
				CLANG_WARN_SUSPICIOUS_MOVE = YES;
				CLANG_WARN_UNGUARDED_AVAILABILITY = YES_AGGRESSIVE;
				CLANG_WARN_UNREACHABLE_CODE = YES;
				CLANG_WARN__DUPLICATE_METHOD_MATCH = YES;
				CODE_SIGN_IDENTITY = "iPhone Developer";
				COPY_PHASE_STRIP = NO;
				DEBUG_INFORMATION_FORMAT = "dwarf-with-dsym";
				ENABLE_NS_ASSERTIONS = NO;
				ENABLE_STRICT_OBJC_MSGSEND = YES;
				GCC_C_LANGUAGE_STANDARD = gnu11;
				GCC_NO_COMMON_BLOCKS = YES;
				GCC_WARN_64_TO_32_BIT_CONVERSION = YES;
				GCC_WARN_ABOUT_RETURN_TYPE = YES_ERROR;
				GCC_WARN_UNDECLARED_SELECTOR = YES;
				GCC_WARN_UNINITIALIZED_AUTOS = YES_AGGRESSIVE;
				GCC_WARN_UNUSED_FUNCTION = YES;
				GCC_WARN_UNUSED_VARIABLE = YES;
				IPHONEOS_DEPLOYMENT_TARGET = 11.3;
				MTL_ENABLE_DEBUG_INFO = NO;
				SDKROOT = iphoneos;
				SWIFT_COMPILATION_MODE = wholemodule;
				SWIFT_OPTIMIZATION_LEVEL = "-O";
				VALIDATE_PRODUCT = YES;
			};
			name = Release;
		};
		1CBF5C9D20A8197C00B78E6A /* Debug */ = {
			isa = XCBuildConfiguration;
			baseConfigurationReference = DF13F5EA7675A357F5E8BA42 /* Pods-TimBanCu.debug.xcconfig */;
			buildSettings = {
				ASSETCATALOG_COMPILER_APPICON_NAME = AppIcon;
				CODE_SIGN_STYLE = Automatic;
				DEVELOPMENT_TEAM = Y692F89PT8;
				INFOPLIST_FILE = TimBanCu/Info.plist;
				LD_RUNPATH_SEARCH_PATHS = (
					"$(inherited)",
					"@executable_path/Frameworks",
				);
				PRODUCT_BUNDLE_IDENTIFIER = "Duy-Le.TimBanCu";
				PRODUCT_NAME = "$(TARGET_NAME)";
				SWIFT_VERSION = 4.0;
				TARGETED_DEVICE_FAMILY = "1,2";
			};
			name = Debug;
		};
		1CBF5C9E20A8197C00B78E6A /* Release */ = {
			isa = XCBuildConfiguration;
			baseConfigurationReference = 4BD024BC0784FAA968F67BBC /* Pods-TimBanCu.release.xcconfig */;
			buildSettings = {
				ASSETCATALOG_COMPILER_APPICON_NAME = AppIcon;
				CODE_SIGN_STYLE = Automatic;
				DEVELOPMENT_TEAM = Y692F89PT8;
				INFOPLIST_FILE = TimBanCu/Info.plist;
				LD_RUNPATH_SEARCH_PATHS = (
					"$(inherited)",
					"@executable_path/Frameworks",
				);
				PRODUCT_BUNDLE_IDENTIFIER = "Duy-Le.TimBanCu";
				PRODUCT_NAME = "$(TARGET_NAME)";
				SWIFT_VERSION = 4.0;
				TARGETED_DEVICE_FAMILY = "1,2";
			};
			name = Release;
		};
		1CBF5CA020A8197C00B78E6A /* Debug */ = {
			isa = XCBuildConfiguration;
			baseConfigurationReference = 1E095FF72F300CC3150459DF /* Pods-TimBanCuTests.debug.xcconfig */;
			buildSettings = {
				ALWAYS_EMBED_SWIFT_STANDARD_LIBRARIES = YES;
				BUNDLE_LOADER = "$(TEST_HOST)";
				CODE_SIGN_STYLE = Automatic;
				DEVELOPMENT_TEAM = Y692F89PT8;
				INFOPLIST_FILE = TimBanCuTests/Info.plist;
				LD_RUNPATH_SEARCH_PATHS = (
					"$(inherited)",
					"@executable_path/Frameworks",
					"@loader_path/Frameworks",
				);
				PRODUCT_BUNDLE_IDENTIFIER = "Duy-Le.TimBanCuTests";
				PRODUCT_NAME = "$(TARGET_NAME)";
				SWIFT_VERSION = 4.0;
				TARGETED_DEVICE_FAMILY = "1,2";
				TEST_HOST = "$(BUILT_PRODUCTS_DIR)/TimBanCu.app/TimBanCu";
			};
			name = Debug;
		};
		1CBF5CA120A8197C00B78E6A /* Release */ = {
			isa = XCBuildConfiguration;
			baseConfigurationReference = 0B3FDB03BE104F43EC8082C7 /* Pods-TimBanCuTests.release.xcconfig */;
			buildSettings = {
				ALWAYS_EMBED_SWIFT_STANDARD_LIBRARIES = YES;
				BUNDLE_LOADER = "$(TEST_HOST)";
				CODE_SIGN_STYLE = Automatic;
				DEVELOPMENT_TEAM = Y692F89PT8;
				INFOPLIST_FILE = TimBanCuTests/Info.plist;
				LD_RUNPATH_SEARCH_PATHS = (
					"$(inherited)",
					"@executable_path/Frameworks",
					"@loader_path/Frameworks",
				);
				PRODUCT_BUNDLE_IDENTIFIER = "Duy-Le.TimBanCuTests";
				PRODUCT_NAME = "$(TARGET_NAME)";
				SWIFT_VERSION = 4.0;
				TARGETED_DEVICE_FAMILY = "1,2";
				TEST_HOST = "$(BUILT_PRODUCTS_DIR)/TimBanCu.app/TimBanCu";
			};
			name = Release;
		};
		1CBF5CA320A8197C00B78E6A /* Debug */ = {
			isa = XCBuildConfiguration;
			baseConfigurationReference = 1277A282A2B7EF6C61B7E6A4 /* Pods-TimBanCuUITests.debug.xcconfig */;
			buildSettings = {
				ALWAYS_EMBED_SWIFT_STANDARD_LIBRARIES = YES;
				CODE_SIGN_STYLE = Automatic;
				DEVELOPMENT_TEAM = Y692F89PT8;
				INFOPLIST_FILE = TimBanCuUITests/Info.plist;
				LD_RUNPATH_SEARCH_PATHS = (
					"$(inherited)",
					"@executable_path/Frameworks",
					"@loader_path/Frameworks",
				);
				PRODUCT_BUNDLE_IDENTIFIER = "Duy-Le.TimBanCuUITests";
				PRODUCT_NAME = "$(TARGET_NAME)";
				SWIFT_VERSION = 4.0;
				TARGETED_DEVICE_FAMILY = "1,2";
				TEST_TARGET_NAME = TimBanCu;
			};
			name = Debug;
		};
		1CBF5CA420A8197C00B78E6A /* Release */ = {
			isa = XCBuildConfiguration;
			baseConfigurationReference = 062D3E5DECDB3776FAB857AB /* Pods-TimBanCuUITests.release.xcconfig */;
			buildSettings = {
				ALWAYS_EMBED_SWIFT_STANDARD_LIBRARIES = YES;
				CODE_SIGN_STYLE = Automatic;
				DEVELOPMENT_TEAM = Y692F89PT8;
				INFOPLIST_FILE = TimBanCuUITests/Info.plist;
				LD_RUNPATH_SEARCH_PATHS = (
					"$(inherited)",
					"@executable_path/Frameworks",
					"@loader_path/Frameworks",
				);
				PRODUCT_BUNDLE_IDENTIFIER = "Duy-Le.TimBanCuUITests";
				PRODUCT_NAME = "$(TARGET_NAME)";
				SWIFT_VERSION = 4.0;
				TARGETED_DEVICE_FAMILY = "1,2";
				TEST_TARGET_NAME = TimBanCu;
			};
			name = Release;
		};
/* End XCBuildConfiguration section */

/* Begin XCConfigurationList section */
		1CBF5C6F20A8197B00B78E6A /* Build configuration list for PBXProject "TimBanCu" */ = {
			isa = XCConfigurationList;
			buildConfigurations = (
				1CBF5C9A20A8197C00B78E6A /* Debug */,
				1CBF5C9B20A8197C00B78E6A /* Release */,
			);
			defaultConfigurationIsVisible = 0;
			defaultConfigurationName = Release;
		};
		1CBF5C9C20A8197C00B78E6A /* Build configuration list for PBXNativeTarget "TimBanCu" */ = {
			isa = XCConfigurationList;
			buildConfigurations = (
				1CBF5C9D20A8197C00B78E6A /* Debug */,
				1CBF5C9E20A8197C00B78E6A /* Release */,
			);
			defaultConfigurationIsVisible = 0;
			defaultConfigurationName = Release;
		};
		1CBF5C9F20A8197C00B78E6A /* Build configuration list for PBXNativeTarget "TimBanCuTests" */ = {
			isa = XCConfigurationList;
			buildConfigurations = (
				1CBF5CA020A8197C00B78E6A /* Debug */,
				1CBF5CA120A8197C00B78E6A /* Release */,
			);
			defaultConfigurationIsVisible = 0;
			defaultConfigurationName = Release;
		};
		1CBF5CA220A8197C00B78E6A /* Build configuration list for PBXNativeTarget "TimBanCuUITests" */ = {
			isa = XCConfigurationList;
			buildConfigurations = (
				1CBF5CA320A8197C00B78E6A /* Debug */,
				1CBF5CA420A8197C00B78E6A /* Release */,
			);
			defaultConfigurationIsVisible = 0;
			defaultConfigurationName = Release;
		};
/* End XCConfigurationList section */
	};
	rootObject = 1CBF5C6C20A8197B00B78E6A /* Project object */;
}
